// !$*UTF8*$!
{
	archiveVersion = 1;
	classes = {
	};
	objectVersion = 52;
	objects = {

/* Begin PBXBuildFile section */
		661D44A227107DC80099F69E /* CheckBoxCell.swift in Sources */ = {isa = PBXBuildFile; fileRef = 66802BCE270FD28D0087B30A /* CheckBoxCell.swift */; };
		661D44A327107DC80099F69E /* AlertView.swift in Sources */ = {isa = PBXBuildFile; fileRef = 66A4A52027084BF500B8760A /* AlertView.swift */; };
		661D44A427107DC80099F69E /* ContentView.swift in Sources */ = {isa = PBXBuildFile; fileRef = 751F2DF82707EF1F009A6ECB /* ContentView.swift */; };
		661D44A527107DC80099F69E /* ListCardView.swift in Sources */ = {isa = PBXBuildFile; fileRef = 66A4A52A2708595200B8760A /* ListCardView.swift */; };
		661D44A627107DC80099F69E /* PopUpView.swift in Sources */ = {isa = PBXBuildFile; fileRef = 66E5DC84270ABB4500215585 /* PopUpView.swift */; };
		661D44A727107DC80099F69E /* ListView.swift in Sources */ = {isa = PBXBuildFile; fileRef = 66A4A5272708582300B8760A /* ListView.swift */; };
		661D44A827107DC80099F69E /* RadioButtonView.swift in Sources */ = {isa = PBXBuildFile; fileRef = 66802BD0270FD5620087B30A /* RadioButtonView.swift */; };
		661D44A927107DC80099F69E /* NavigationLinkView.swift in Sources */ = {isa = PBXBuildFile; fileRef = 66B8C385271074D7006A9EBC /* NavigationLinkView.swift */; };
		661D44AA27107DC80099F69E /* swiftui_cheatApp.swift in Sources */ = {isa = PBXBuildFile; fileRef = 751F2DF62707EF1F009A6ECB /* swiftui_cheatApp.swift */; };
		661D44AB27107DC80099F69E /* Page1View.swift in Sources */ = {isa = PBXBuildFile; fileRef = 66A4A5232708512100B8760A /* Page1View.swift */; };
		661D44AC27107DC80099F69E /* CheckBoxView.swift in Sources */ = {isa = PBXBuildFile; fileRef = 66802BCC270FCC4F0087B30A /* CheckBoxView.swift */; };
		661D44AD27107DC80099F69E /* RadioButton.swift in Sources */ = {isa = PBXBuildFile; fileRef = 66801C45270E9290001594F7 /* RadioButton.swift */; };
		661D44AE27107DC80099F69E /* LibrariesView.swift in Sources */ = {isa = PBXBuildFile; fileRef = 66E5DC7D270AB9EB00215585 /* LibrariesView.swift */; };
		661D44AF27107DC80099F69E /* CheckBox.swift in Sources */ = {isa = PBXBuildFile; fileRef = 66801C42270E9256001594F7 /* CheckBox.swift */; };
		661D44B027107DC80099F69E /* CardView.swift in Sources */ = {isa = PBXBuildFile; fileRef = 66A4A525270852D500B8760A /* CardView.swift */; };
		661D44B127107DC80099F69E /* PopUpViewButton.swift in Sources */ = {isa = PBXBuildFile; fileRef = 66E5DC8D270B02FA00215585 /* PopUpViewButton.swift */; };
		661D44B227107DC80099F69E /* UIColor+Extension.swift in Sources */ = {isa = PBXBuildFile; fileRef = 66E5DC87270ADB6300215585 /* UIColor+Extension.swift */; };
		661D44B427107DC80099F69E /* PopupView in Frameworks */ = {isa = PBXBuildFile; productRef = 661D449D27107DC80099F69E /* PopupView */; };
		661D44B527107DC80099F69E /* Lottie in Frameworks */ = {isa = PBXBuildFile; productRef = 661D449F27107DC80099F69E /* Lottie */; };
		661D44B727107DC80099F69E /* Preview Assets.xcassets in Resources */ = {isa = PBXBuildFile; fileRef = 751F2DFD2707EF21009A6ECB /* Preview Assets.xcassets */; };
		661D44B827107DC80099F69E /* TodoList.md in Resources */ = {isa = PBXBuildFile; fileRef = 66A4A51E27084AFB00B8760A /* TodoList.md */; };
		661D44B927107DC80099F69E /* Assets.xcassets in Resources */ = {isa = PBXBuildFile; fileRef = 751F2DFA2707EF21009A6ECB /* Assets.xcassets */; };
		661D44C527107DCB0099F69E /* CheckBoxCell.swift in Sources */ = {isa = PBXBuildFile; fileRef = 66802BCE270FD28D0087B30A /* CheckBoxCell.swift */; };
		661D44C627107DCB0099F69E /* AlertView.swift in Sources */ = {isa = PBXBuildFile; fileRef = 66A4A52027084BF500B8760A /* AlertView.swift */; };
		661D44C727107DCB0099F69E /* ContentView.swift in Sources */ = {isa = PBXBuildFile; fileRef = 751F2DF82707EF1F009A6ECB /* ContentView.swift */; };
		661D44C827107DCB0099F69E /* ListCardView.swift in Sources */ = {isa = PBXBuildFile; fileRef = 66A4A52A2708595200B8760A /* ListCardView.swift */; };
		661D44C927107DCB0099F69E /* PopUpView.swift in Sources */ = {isa = PBXBuildFile; fileRef = 66E5DC84270ABB4500215585 /* PopUpView.swift */; };
		661D44CA27107DCB0099F69E /* ListView.swift in Sources */ = {isa = PBXBuildFile; fileRef = 66A4A5272708582300B8760A /* ListView.swift */; };
		661D44CB27107DCB0099F69E /* RadioButtonView.swift in Sources */ = {isa = PBXBuildFile; fileRef = 66802BD0270FD5620087B30A /* RadioButtonView.swift */; };
		661D44CC27107DCB0099F69E /* NavigationLinkView.swift in Sources */ = {isa = PBXBuildFile; fileRef = 66B8C385271074D7006A9EBC /* NavigationLinkView.swift */; };
		661D44CD27107DCB0099F69E /* swiftui_cheatApp.swift in Sources */ = {isa = PBXBuildFile; fileRef = 751F2DF62707EF1F009A6ECB /* swiftui_cheatApp.swift */; };
		661D44CE27107DCB0099F69E /* Page1View.swift in Sources */ = {isa = PBXBuildFile; fileRef = 66A4A5232708512100B8760A /* Page1View.swift */; };
		661D44CF27107DCB0099F69E /* CheckBoxView.swift in Sources */ = {isa = PBXBuildFile; fileRef = 66802BCC270FCC4F0087B30A /* CheckBoxView.swift */; };
		661D44D027107DCB0099F69E /* RadioButton.swift in Sources */ = {isa = PBXBuildFile; fileRef = 66801C45270E9290001594F7 /* RadioButton.swift */; };
		661D44D127107DCB0099F69E /* LibrariesView.swift in Sources */ = {isa = PBXBuildFile; fileRef = 66E5DC7D270AB9EB00215585 /* LibrariesView.swift */; };
		661D44D227107DCB0099F69E /* CheckBox.swift in Sources */ = {isa = PBXBuildFile; fileRef = 66801C42270E9256001594F7 /* CheckBox.swift */; };
		661D44D327107DCB0099F69E /* CardView.swift in Sources */ = {isa = PBXBuildFile; fileRef = 66A4A525270852D500B8760A /* CardView.swift */; };
		661D44D427107DCB0099F69E /* PopUpViewButton.swift in Sources */ = {isa = PBXBuildFile; fileRef = 66E5DC8D270B02FA00215585 /* PopUpViewButton.swift */; };
		661D44D527107DCB0099F69E /* UIColor+Extension.swift in Sources */ = {isa = PBXBuildFile; fileRef = 66E5DC87270ADB6300215585 /* UIColor+Extension.swift */; };
		661D44D727107DCB0099F69E /* PopupView in Frameworks */ = {isa = PBXBuildFile; productRef = 661D44C027107DCB0099F69E /* PopupView */; };
		661D44D827107DCB0099F69E /* Lottie in Frameworks */ = {isa = PBXBuildFile; productRef = 661D44C227107DCB0099F69E /* Lottie */; };
		661D44DA27107DCB0099F69E /* Preview Assets.xcassets in Resources */ = {isa = PBXBuildFile; fileRef = 751F2DFD2707EF21009A6ECB /* Preview Assets.xcassets */; };
		661D44DB27107DCB0099F69E /* TodoList.md in Resources */ = {isa = PBXBuildFile; fileRef = 66A4A51E27084AFB00B8760A /* TodoList.md */; };
		661D44DC27107DCB0099F69E /* Assets.xcassets in Resources */ = {isa = PBXBuildFile; fileRef = 751F2DFA2707EF21009A6ECB /* Assets.xcassets */; };
		661D44E427107E710099F69E /* QGrid in Frameworks */ = {isa = PBXBuildFile; productRef = 661D44E327107E710099F69E /* QGrid */; };
		661D44E727107EC70099F69E /* QGrid in Frameworks */ = {isa = PBXBuildFile; productRef = 661D44E627107EC70099F69E /* QGrid */; };
		661D44E927107ECF0099F69E /* QGrid in Frameworks */ = {isa = PBXBuildFile; productRef = 661D44E827107ECF0099F69E /* QGrid */; };
		664ECA982716807E00F4202A /* ProgressBar.swift in Sources */ = {isa = PBXBuildFile; fileRef = 664ECA972716807E00F4202A /* ProgressBar.swift */; };
		664ECA992716807E00F4202A /* ProgressBar.swift in Sources */ = {isa = PBXBuildFile; fileRef = 664ECA972716807E00F4202A /* ProgressBar.swift */; };
		664ECA9A2716807E00F4202A /* ProgressBar.swift in Sources */ = {isa = PBXBuildFile; fileRef = 664ECA972716807E00F4202A /* ProgressBar.swift */; };
		66801C43270E9256001594F7 /* CheckBox.swift in Sources */ = {isa = PBXBuildFile; fileRef = 66801C42270E9256001594F7 /* CheckBox.swift */; };
		66801C46270E9290001594F7 /* RadioButton.swift in Sources */ = {isa = PBXBuildFile; fileRef = 66801C45270E9290001594F7 /* RadioButton.swift */; };
		66802BCD270FCC4F0087B30A /* CheckBoxView.swift in Sources */ = {isa = PBXBuildFile; fileRef = 66802BCC270FCC4F0087B30A /* CheckBoxView.swift */; };
		66802BCF270FD28D0087B30A /* CheckBoxCell.swift in Sources */ = {isa = PBXBuildFile; fileRef = 66802BCE270FD28D0087B30A /* CheckBoxCell.swift */; };
		66802BD1270FD5620087B30A /* RadioButtonView.swift in Sources */ = {isa = PBXBuildFile; fileRef = 66802BD0270FD5620087B30A /* RadioButtonView.swift */; };
		66A4A51F27084AFB00B8760A /* TodoList.md in Resources */ = {isa = PBXBuildFile; fileRef = 66A4A51E27084AFB00B8760A /* TodoList.md */; };
		66A4A52127084BF500B8760A /* AlertView.swift in Sources */ = {isa = PBXBuildFile; fileRef = 66A4A52027084BF500B8760A /* AlertView.swift */; };
		66A4A5242708512100B8760A /* Page1View.swift in Sources */ = {isa = PBXBuildFile; fileRef = 66A4A5232708512100B8760A /* Page1View.swift */; };
		66A4A526270852D500B8760A /* CardView.swift in Sources */ = {isa = PBXBuildFile; fileRef = 66A4A525270852D500B8760A /* CardView.swift */; };
		66A4A5282708582300B8760A /* ListView.swift in Sources */ = {isa = PBXBuildFile; fileRef = 66A4A5272708582300B8760A /* ListView.swift */; };
		66A4A52B2708595200B8760A /* ListCardView.swift in Sources */ = {isa = PBXBuildFile; fileRef = 66A4A52A2708595200B8760A /* ListCardView.swift */; };
		66B409F32717BE6B00084BC5 /* favorite_star.json in Resources */ = {isa = PBXBuildFile; fileRef = 66B409F22717BE6B00084BC5 /* favorite_star.json */; };
		66B409F42717BE6B00084BC5 /* favorite_star.json in Resources */ = {isa = PBXBuildFile; fileRef = 66B409F22717BE6B00084BC5 /* favorite_star.json */; };
		66B409F52717BE6B00084BC5 /* favorite_star.json in Resources */ = {isa = PBXBuildFile; fileRef = 66B409F22717BE6B00084BC5 /* favorite_star.json */; };
		66B409F72717BEBD00084BC5 /* successful.json in Resources */ = {isa = PBXBuildFile; fileRef = 66B409F62717BEBD00084BC5 /* successful.json */; };
		66B409F82717BEBD00084BC5 /* successful.json in Resources */ = {isa = PBXBuildFile; fileRef = 66B409F62717BEBD00084BC5 /* successful.json */; };
		66B409F92717BEBD00084BC5 /* successful.json in Resources */ = {isa = PBXBuildFile; fileRef = 66B409F62717BEBD00084BC5 /* successful.json */; };
		66B8C386271074D7006A9EBC /* NavigationLinkView.swift in Sources */ = {isa = PBXBuildFile; fileRef = 66B8C385271074D7006A9EBC /* NavigationLinkView.swift */; };
		66BB5540270BEE5D00F4AE6D /* Lottie in Frameworks */ = {isa = PBXBuildFile; productRef = 66BB553F270BEE5D00F4AE6D /* Lottie */; };
		66C08164271906B900F7F7BC /* SwiftUITutorialView.swift in Sources */ = {isa = PBXBuildFile; fileRef = 66C08163271906B900F7F7BC /* SwiftUITutorialView.swift */; };
		66C08165271906B900F7F7BC /* SwiftUITutorialView.swift in Sources */ = {isa = PBXBuildFile; fileRef = 66C08163271906B900F7F7BC /* SwiftUITutorialView.swift */; };
		66C08166271906B900F7F7BC /* SwiftUITutorialView.swift in Sources */ = {isa = PBXBuildFile; fileRef = 66C08163271906B900F7F7BC /* SwiftUITutorialView.swift */; };
		66C08169271907A200F7F7BC /* HandlingUserInputView.swift in Sources */ = {isa = PBXBuildFile; fileRef = 66C08168271907A200F7F7BC /* HandlingUserInputView.swift */; };
		66C0816A271907A200F7F7BC /* HandlingUserInputView.swift in Sources */ = {isa = PBXBuildFile; fileRef = 66C08168271907A200F7F7BC /* HandlingUserInputView.swift */; };
		66C0816B271907A200F7F7BC /* HandlingUserInputView.swift in Sources */ = {isa = PBXBuildFile; fileRef = 66C08168271907A200F7F7BC /* HandlingUserInputView.swift */; };
		66C081702719097E00F7F7BC /* ModelData.swift in Sources */ = {isa = PBXBuildFile; fileRef = 66C0816E2719097E00F7F7BC /* ModelData.swift */; };
		66C081712719097E00F7F7BC /* ModelData.swift in Sources */ = {isa = PBXBuildFile; fileRef = 66C0816E2719097E00F7F7BC /* ModelData.swift */; };
		66C081722719097E00F7F7BC /* ModelData.swift in Sources */ = {isa = PBXBuildFile; fileRef = 66C0816E2719097E00F7F7BC /* ModelData.swift */; };
		66C081732719097E00F7F7BC /* Landmark.swift in Sources */ = {isa = PBXBuildFile; fileRef = 66C0816F2719097E00F7F7BC /* Landmark.swift */; };
		66C081742719097E00F7F7BC /* Landmark.swift in Sources */ = {isa = PBXBuildFile; fileRef = 66C0816F2719097E00F7F7BC /* Landmark.swift */; };
		66C081752719097E00F7F7BC /* Landmark.swift in Sources */ = {isa = PBXBuildFile; fileRef = 66C0816F2719097E00F7F7BC /* Landmark.swift */; };
		66C0817A2719098500F7F7BC /* LandmarkList.swift in Sources */ = {isa = PBXBuildFile; fileRef = 66C081772719098500F7F7BC /* LandmarkList.swift */; };
		66C0817B2719098500F7F7BC /* LandmarkList.swift in Sources */ = {isa = PBXBuildFile; fileRef = 66C081772719098500F7F7BC /* LandmarkList.swift */; };
		66C0817C2719098500F7F7BC /* LandmarkList.swift in Sources */ = {isa = PBXBuildFile; fileRef = 66C081772719098500F7F7BC /* LandmarkList.swift */; };
		66C0817D2719098500F7F7BC /* LandmarkDetail.swift in Sources */ = {isa = PBXBuildFile; fileRef = 66C081782719098500F7F7BC /* LandmarkDetail.swift */; };
		66C0817E2719098500F7F7BC /* LandmarkDetail.swift in Sources */ = {isa = PBXBuildFile; fileRef = 66C081782719098500F7F7BC /* LandmarkDetail.swift */; };
		66C0817F2719098500F7F7BC /* LandmarkDetail.swift in Sources */ = {isa = PBXBuildFile; fileRef = 66C081782719098500F7F7BC /* LandmarkDetail.swift */; };
		66C081802719098500F7F7BC /* LandmarkRow.swift in Sources */ = {isa = PBXBuildFile; fileRef = 66C081792719098500F7F7BC /* LandmarkRow.swift */; };
		66C081812719098500F7F7BC /* LandmarkRow.swift in Sources */ = {isa = PBXBuildFile; fileRef = 66C081792719098500F7F7BC /* LandmarkRow.swift */; };
		66C081822719098500F7F7BC /* LandmarkRow.swift in Sources */ = {isa = PBXBuildFile; fileRef = 66C081792719098500F7F7BC /* LandmarkRow.swift */; };
		66C081842719098E00F7F7BC /* landmarkData.json in Resources */ = {isa = PBXBuildFile; fileRef = 66C081832719098E00F7F7BC /* landmarkData.json */; };
		66C081852719098E00F7F7BC /* landmarkData.json in Resources */ = {isa = PBXBuildFile; fileRef = 66C081832719098E00F7F7BC /* landmarkData.json */; };
		66C081862719098E00F7F7BC /* landmarkData.json in Resources */ = {isa = PBXBuildFile; fileRef = 66C081832719098E00F7F7BC /* landmarkData.json */; };
		66C0818B27190A6800F7F7BC /* MapView.swift in Sources */ = {isa = PBXBuildFile; fileRef = 66C0818827190A6800F7F7BC /* MapView.swift */; };
		66C0818C27190A6800F7F7BC /* MapView.swift in Sources */ = {isa = PBXBuildFile; fileRef = 66C0818827190A6800F7F7BC /* MapView.swift */; };
		66C0818D27190A6800F7F7BC /* MapView.swift in Sources */ = {isa = PBXBuildFile; fileRef = 66C0818827190A6800F7F7BC /* MapView.swift */; };
		66C0818E27190A6800F7F7BC /* CircleImage.swift in Sources */ = {isa = PBXBuildFile; fileRef = 66C0818927190A6800F7F7BC /* CircleImage.swift */; };
		66C0818F27190A6800F7F7BC /* CircleImage.swift in Sources */ = {isa = PBXBuildFile; fileRef = 66C0818927190A6800F7F7BC /* CircleImage.swift */; };
		66C0819027190A6800F7F7BC /* CircleImage.swift in Sources */ = {isa = PBXBuildFile; fileRef = 66C0818927190A6800F7F7BC /* CircleImage.swift */; };
		66C0819127190A6800F7F7BC /* FavoriteButton.swift in Sources */ = {isa = PBXBuildFile; fileRef = 66C0818A27190A6800F7F7BC /* FavoriteButton.swift */; };
		66C0819227190A6800F7F7BC /* FavoriteButton.swift in Sources */ = {isa = PBXBuildFile; fileRef = 66C0818A27190A6800F7F7BC /* FavoriteButton.swift */; };
		66C0819327190A6800F7F7BC /* FavoriteButton.swift in Sources */ = {isa = PBXBuildFile; fileRef = 66C0818A27190A6800F7F7BC /* FavoriteButton.swift */; };
		66CD779E2713CE0C000A1166 /* GridView.swift in Sources */ = {isa = PBXBuildFile; fileRef = 66CD779D2713CE0C000A1166 /* GridView.swift */; };
		66CD779F2713CE0C000A1166 /* GridView.swift in Sources */ = {isa = PBXBuildFile; fileRef = 66CD779D2713CE0C000A1166 /* GridView.swift */; };
		66CD77A02713CE0C000A1166 /* GridView.swift in Sources */ = {isa = PBXBuildFile; fileRef = 66CD779D2713CE0C000A1166 /* GridView.swift */; };
		66CD77A22713CE7D000A1166 /* QGridView.swift in Sources */ = {isa = PBXBuildFile; fileRef = 66CD77A12713CE7D000A1166 /* QGridView.swift */; };
		66CD77A32713CE7D000A1166 /* QGridView.swift in Sources */ = {isa = PBXBuildFile; fileRef = 66CD77A12713CE7D000A1166 /* QGridView.swift */; };
		66CD77A42713CE7D000A1166 /* QGridView.swift in Sources */ = {isa = PBXBuildFile; fileRef = 66CD77A12713CE7D000A1166 /* QGridView.swift */; };
		66D34A4D271937390089271B /* WebView.swift in Sources */ = {isa = PBXBuildFile; fileRef = 66D34A4C271937390089271B /* WebView.swift */; };
		66D34A4E271937390089271B /* WebView.swift in Sources */ = {isa = PBXBuildFile; fileRef = 66D34A4C271937390089271B /* WebView.swift */; };
		66D34A4F271937390089271B /* WebView.swift in Sources */ = {isa = PBXBuildFile; fileRef = 66D34A4C271937390089271B /* WebView.swift */; };
		66D34A51271937E60089271B /* WKWebView.swift in Sources */ = {isa = PBXBuildFile; fileRef = 66D34A50271937E60089271B /* WKWebView.swift */; };
		66D34A52271937E60089271B /* WKWebView.swift in Sources */ = {isa = PBXBuildFile; fileRef = 66D34A50271937E60089271B /* WKWebView.swift */; };
		66D34A53271937E60089271B /* WKWebView.swift in Sources */ = {isa = PBXBuildFile; fileRef = 66D34A50271937E60089271B /* WKWebView.swift */; };
		66D34A55271938EC0089271B /* CustomWKWebView.swift in Sources */ = {isa = PBXBuildFile; fileRef = 66D34A54271938EC0089271B /* CustomWKWebView.swift */; };
		66D34A56271938EC0089271B /* CustomWKWebView.swift in Sources */ = {isa = PBXBuildFile; fileRef = 66D34A54271938EC0089271B /* CustomWKWebView.swift */; };
		66D34A57271938EC0089271B /* CustomWKWebView.swift in Sources */ = {isa = PBXBuildFile; fileRef = 66D34A54271938EC0089271B /* CustomWKWebView.swift */; };
		66D865FB27114E1E00023CE4 /* info_dev.plist in Resources */ = {isa = PBXBuildFile; fileRef = 66D865FA27114E1E00023CE4 /* info_dev.plist */; };
		66D865FC27114E1E00023CE4 /* info_dev.plist in Resources */ = {isa = PBXBuildFile; fileRef = 66D865FA27114E1E00023CE4 /* info_dev.plist */; };
		66D865FD27114E1E00023CE4 /* info_dev.plist in Resources */ = {isa = PBXBuildFile; fileRef = 66D865FA27114E1E00023CE4 /* info_dev.plist */; };
		66D865FF27114E3E00023CE4 /* info_stg.plist in Resources */ = {isa = PBXBuildFile; fileRef = 66D865FE27114E3E00023CE4 /* info_stg.plist */; };
		66D8660027114E3E00023CE4 /* info_stg.plist in Resources */ = {isa = PBXBuildFile; fileRef = 66D865FE27114E3E00023CE4 /* info_stg.plist */; };
		66D8660127114E3E00023CE4 /* info_stg.plist in Resources */ = {isa = PBXBuildFile; fileRef = 66D865FE27114E3E00023CE4 /* info_stg.plist */; };
		66D86603271153B100023CE4 /* Launch Screen.storyboard in Resources */ = {isa = PBXBuildFile; fileRef = 66D86602271153B100023CE4 /* Launch Screen.storyboard */; };
		66D86604271153B100023CE4 /* Launch Screen.storyboard in Resources */ = {isa = PBXBuildFile; fileRef = 66D86602271153B100023CE4 /* Launch Screen.storyboard */; };
		66D86605271153B100023CE4 /* Launch Screen.storyboard in Resources */ = {isa = PBXBuildFile; fileRef = 66D86602271153B100023CE4 /* Launch Screen.storyboard */; };
		66D866082711819800023CE4 /* SwiftUIX in Frameworks */ = {isa = PBXBuildFile; productRef = 66D866072711819800023CE4 /* SwiftUIX */; };
		66D8660A2711823900023CE4 /* SwiftUIX in Frameworks */ = {isa = PBXBuildFile; productRef = 66D866092711823900023CE4 /* SwiftUIX */; };
		66D8660C2711823E00023CE4 /* SwiftUIX in Frameworks */ = {isa = PBXBuildFile; productRef = 66D8660B2711823E00023CE4 /* SwiftUIX */; };
		66D8660F271182AC00023CE4 /* SwiftUIXView.swift in Sources */ = {isa = PBXBuildFile; fileRef = 66D8660E271182AC00023CE4 /* SwiftUIXView.swift */; };
		66D86610271182AC00023CE4 /* SwiftUIXView.swift in Sources */ = {isa = PBXBuildFile; fileRef = 66D8660E271182AC00023CE4 /* SwiftUIXView.swift */; };
		66D86611271182AC00023CE4 /* SwiftUIXView.swift in Sources */ = {isa = PBXBuildFile; fileRef = 66D8660E271182AC00023CE4 /* SwiftUIXView.swift */; };
		66E5DC7C270AB98700215585 /* PopupView in Frameworks */ = {isa = PBXBuildFile; productRef = 66E5DC7B270AB98700215585 /* PopupView */; };
		66E5DC7E270AB9EB00215585 /* LibrariesView.swift in Sources */ = {isa = PBXBuildFile; fileRef = 66E5DC7D270AB9EB00215585 /* LibrariesView.swift */; };
		66E5DC85270ABB4500215585 /* PopUpView.swift in Sources */ = {isa = PBXBuildFile; fileRef = 66E5DC84270ABB4500215585 /* PopUpView.swift */; };
		66E5DC88270ADB6300215585 /* UIColor+Extension.swift in Sources */ = {isa = PBXBuildFile; fileRef = 66E5DC87270ADB6300215585 /* UIColor+Extension.swift */; };
		66E5DC8E270B02FA00215585 /* PopUpViewButton.swift in Sources */ = {isa = PBXBuildFile; fileRef = 66E5DC8D270B02FA00215585 /* PopUpViewButton.swift */; };
		66E638FA2716C6C800BEA137 /* SlideShowView.swift in Sources */ = {isa = PBXBuildFile; fileRef = 66E638F92716C6C800BEA137 /* SlideShowView.swift */; };
		66E638FB2716C6C800BEA137 /* SlideShowView.swift in Sources */ = {isa = PBXBuildFile; fileRef = 66E638F92716C6C800BEA137 /* SlideShowView.swift */; };
		66E638FC2716C6C800BEA137 /* SlideShowView.swift in Sources */ = {isa = PBXBuildFile; fileRef = 66E638F92716C6C800BEA137 /* SlideShowView.swift */; };
		66E638FF2716C94400BEA137 /* LottieView.swift in Sources */ = {isa = PBXBuildFile; fileRef = 66E638FE2716C94400BEA137 /* LottieView.swift */; };
		66E639002716C94400BEA137 /* LottieView.swift in Sources */ = {isa = PBXBuildFile; fileRef = 66E638FE2716C94400BEA137 /* LottieView.swift */; };
		66E639012716C94400BEA137 /* LottieView.swift in Sources */ = {isa = PBXBuildFile; fileRef = 66E638FE2716C94400BEA137 /* LottieView.swift */; };
		66E639032716C9EC00BEA137 /* voice_wave.json in Resources */ = {isa = PBXBuildFile; fileRef = 66E639022716C9EC00BEA137 /* voice_wave.json */; };
		66E639042716C9EC00BEA137 /* voice_wave.json in Resources */ = {isa = PBXBuildFile; fileRef = 66E639022716C9EC00BEA137 /* voice_wave.json */; };
		66E639052716C9EC00BEA137 /* voice_wave.json in Resources */ = {isa = PBXBuildFile; fileRef = 66E639022716C9EC00BEA137 /* voice_wave.json */; };
		751F2DF72707EF1F009A6ECB /* swiftui_cheatApp.swift in Sources */ = {isa = PBXBuildFile; fileRef = 751F2DF62707EF1F009A6ECB /* swiftui_cheatApp.swift */; };
		751F2DF92707EF1F009A6ECB /* ContentView.swift in Sources */ = {isa = PBXBuildFile; fileRef = 751F2DF82707EF1F009A6ECB /* ContentView.swift */; };
		751F2DFB2707EF21009A6ECB /* Assets.xcassets in Resources */ = {isa = PBXBuildFile; fileRef = 751F2DFA2707EF21009A6ECB /* Assets.xcassets */; };
		751F2DFE2707EF21009A6ECB /* Preview Assets.xcassets in Resources */ = {isa = PBXBuildFile; fileRef = 751F2DFD2707EF21009A6ECB /* Preview Assets.xcassets */; };
		751F2E092707EF21009A6ECB /* swiftui_cheatTests.swift in Sources */ = {isa = PBXBuildFile; fileRef = 751F2E082707EF21009A6ECB /* swiftui_cheatTests.swift */; };
		751F2E142707EF21009A6ECB /* swiftui_cheatUITests.swift in Sources */ = {isa = PBXBuildFile; fileRef = 751F2E132707EF21009A6ECB /* swiftui_cheatUITests.swift */; };
/* End PBXBuildFile section */

/* Begin PBXContainerItemProxy section */
		751F2E052707EF21009A6ECB /* PBXContainerItemProxy */ = {
			isa = PBXContainerItemProxy;
			containerPortal = 751F2DEB2707EF1F009A6ECB /* Project object */;
			proxyType = 1;
			remoteGlobalIDString = 751F2DF22707EF1F009A6ECB;
			remoteInfo = swiftui_cheat;
		};
		751F2E102707EF21009A6ECB /* PBXContainerItemProxy */ = {
			isa = PBXContainerItemProxy;
			containerPortal = 751F2DEB2707EF1F009A6ECB /* Project object */;
			proxyType = 1;
			remoteGlobalIDString = 751F2DF22707EF1F009A6ECB;
			remoteInfo = swiftui_cheat;
		};
/* End PBXContainerItemProxy section */

/* Begin PBXFileReference section */
		661D44BD27107DC80099F69E /* swiftui_cheat Dev.app */ = {isa = PBXFileReference; explicitFileType = wrapper.application; includeInIndex = 0; path = "swiftui_cheat Dev.app"; sourceTree = BUILT_PRODUCTS_DIR; };
		661D44E027107DCB0099F69E /* swiftui_cheat Stg.app */ = {isa = PBXFileReference; explicitFileType = wrapper.application; includeInIndex = 0; path = "swiftui_cheat Stg.app"; sourceTree = BUILT_PRODUCTS_DIR; };
		664ECA972716807E00F4202A /* ProgressBar.swift */ = {isa = PBXFileReference; lastKnownFileType = sourcecode.swift; path = ProgressBar.swift; sourceTree = "<group>"; };
		66801C42270E9256001594F7 /* CheckBox.swift */ = {isa = PBXFileReference; lastKnownFileType = sourcecode.swift; path = CheckBox.swift; sourceTree = "<group>"; };
		66801C45270E9290001594F7 /* RadioButton.swift */ = {isa = PBXFileReference; lastKnownFileType = sourcecode.swift; path = RadioButton.swift; sourceTree = "<group>"; };
		66802BCC270FCC4F0087B30A /* CheckBoxView.swift */ = {isa = PBXFileReference; lastKnownFileType = sourcecode.swift; path = CheckBoxView.swift; sourceTree = "<group>"; };
		66802BCE270FD28D0087B30A /* CheckBoxCell.swift */ = {isa = PBXFileReference; lastKnownFileType = sourcecode.swift; path = CheckBoxCell.swift; sourceTree = "<group>"; };
		66802BD0270FD5620087B30A /* RadioButtonView.swift */ = {isa = PBXFileReference; lastKnownFileType = sourcecode.swift; path = RadioButtonView.swift; sourceTree = "<group>"; };
		66A4A51E27084AFB00B8760A /* TodoList.md */ = {isa = PBXFileReference; lastKnownFileType = net.daringfireball.markdown; path = TodoList.md; sourceTree = "<group>"; };
		66A4A52027084BF500B8760A /* AlertView.swift */ = {isa = PBXFileReference; lastKnownFileType = sourcecode.swift; path = AlertView.swift; sourceTree = "<group>"; };
		66A4A5232708512100B8760A /* Page1View.swift */ = {isa = PBXFileReference; lastKnownFileType = sourcecode.swift; path = Page1View.swift; sourceTree = "<group>"; };
		66A4A525270852D500B8760A /* CardView.swift */ = {isa = PBXFileReference; lastKnownFileType = sourcecode.swift; path = CardView.swift; sourceTree = "<group>"; };
		66A4A5272708582300B8760A /* ListView.swift */ = {isa = PBXFileReference; lastKnownFileType = sourcecode.swift; path = ListView.swift; sourceTree = "<group>"; };
		66A4A52A2708595200B8760A /* ListCardView.swift */ = {isa = PBXFileReference; lastKnownFileType = sourcecode.swift; path = ListCardView.swift; sourceTree = "<group>"; };
		66B409F22717BE6B00084BC5 /* favorite_star.json */ = {isa = PBXFileReference; fileEncoding = 4; lastKnownFileType = text.json; path = favorite_star.json; sourceTree = "<group>"; };
		66B409F62717BEBD00084BC5 /* successful.json */ = {isa = PBXFileReference; fileEncoding = 4; lastKnownFileType = text.json; path = successful.json; sourceTree = "<group>"; };
		66B8C385271074D7006A9EBC /* NavigationLinkView.swift */ = {isa = PBXFileReference; lastKnownFileType = sourcecode.swift; path = NavigationLinkView.swift; sourceTree = "<group>"; };
		66C08163271906B900F7F7BC /* SwiftUITutorialView.swift */ = {isa = PBXFileReference; lastKnownFileType = sourcecode.swift; path = SwiftUITutorialView.swift; sourceTree = "<group>"; };
		66C08168271907A200F7F7BC /* HandlingUserInputView.swift */ = {isa = PBXFileReference; lastKnownFileType = sourcecode.swift; path = HandlingUserInputView.swift; sourceTree = "<group>"; };
		66C0816E2719097E00F7F7BC /* ModelData.swift */ = {isa = PBXFileReference; fileEncoding = 4; lastKnownFileType = sourcecode.swift; path = ModelData.swift; sourceTree = "<group>"; };
		66C0816F2719097E00F7F7BC /* Landmark.swift */ = {isa = PBXFileReference; fileEncoding = 4; lastKnownFileType = sourcecode.swift; path = Landmark.swift; sourceTree = "<group>"; };
		66C081772719098500F7F7BC /* LandmarkList.swift */ = {isa = PBXFileReference; fileEncoding = 4; lastKnownFileType = sourcecode.swift; path = LandmarkList.swift; sourceTree = "<group>"; };
		66C081782719098500F7F7BC /* LandmarkDetail.swift */ = {isa = PBXFileReference; fileEncoding = 4; lastKnownFileType = sourcecode.swift; path = LandmarkDetail.swift; sourceTree = "<group>"; };
		66C081792719098500F7F7BC /* LandmarkRow.swift */ = {isa = PBXFileReference; fileEncoding = 4; lastKnownFileType = sourcecode.swift; path = LandmarkRow.swift; sourceTree = "<group>"; };
		66C081832719098E00F7F7BC /* landmarkData.json */ = {isa = PBXFileReference; fileEncoding = 4; lastKnownFileType = text.json; path = landmarkData.json; sourceTree = "<group>"; };
		66C0818827190A6800F7F7BC /* MapView.swift */ = {isa = PBXFileReference; fileEncoding = 4; lastKnownFileType = sourcecode.swift; path = MapView.swift; sourceTree = "<group>"; };
		66C0818927190A6800F7F7BC /* CircleImage.swift */ = {isa = PBXFileReference; fileEncoding = 4; lastKnownFileType = sourcecode.swift; path = CircleImage.swift; sourceTree = "<group>"; };
		66C0818A27190A6800F7F7BC /* FavoriteButton.swift */ = {isa = PBXFileReference; fileEncoding = 4; lastKnownFileType = sourcecode.swift; path = FavoriteButton.swift; sourceTree = "<group>"; };
		66CD779D2713CE0C000A1166 /* GridView.swift */ = {isa = PBXFileReference; lastKnownFileType = sourcecode.swift; path = GridView.swift; sourceTree = "<group>"; };
		66CD77A12713CE7D000A1166 /* QGridView.swift */ = {isa = PBXFileReference; lastKnownFileType = sourcecode.swift; path = QGridView.swift; sourceTree = "<group>"; };
		66D34A4C271937390089271B /* WebView.swift */ = {isa = PBXFileReference; lastKnownFileType = sourcecode.swift; path = WebView.swift; sourceTree = "<group>"; };
		66D34A50271937E60089271B /* WKWebView.swift */ = {isa = PBXFileReference; lastKnownFileType = sourcecode.swift; path = WKWebView.swift; sourceTree = "<group>"; };
		66D34A54271938EC0089271B /* CustomWKWebView.swift */ = {isa = PBXFileReference; lastKnownFileType = sourcecode.swift; path = CustomWKWebView.swift; sourceTree = "<group>"; };
		66D865FA27114E1E00023CE4 /* info_dev.plist */ = {isa = PBXFileReference; lastKnownFileType = text.plist.xml; path = info_dev.plist; sourceTree = "<group>"; };
		66D865FE27114E3E00023CE4 /* info_stg.plist */ = {isa = PBXFileReference; lastKnownFileType = text.plist.xml; path = info_stg.plist; sourceTree = "<group>"; };
		66D86602271153B100023CE4 /* Launch Screen.storyboard */ = {isa = PBXFileReference; lastKnownFileType = file.storyboard; path = "Launch Screen.storyboard"; sourceTree = "<group>"; };
		66D8660E271182AC00023CE4 /* SwiftUIXView.swift */ = {isa = PBXFileReference; lastKnownFileType = sourcecode.swift; path = SwiftUIXView.swift; sourceTree = "<group>"; };
		66E5DC7D270AB9EB00215585 /* LibrariesView.swift */ = {isa = PBXFileReference; lastKnownFileType = sourcecode.swift; path = LibrariesView.swift; sourceTree = "<group>"; };
		66E5DC84270ABB4500215585 /* PopUpView.swift */ = {isa = PBXFileReference; lastKnownFileType = sourcecode.swift; path = PopUpView.swift; sourceTree = "<group>"; };
		66E5DC87270ADB6300215585 /* UIColor+Extension.swift */ = {isa = PBXFileReference; lastKnownFileType = sourcecode.swift; path = "UIColor+Extension.swift"; sourceTree = "<group>"; };
		66E5DC8D270B02FA00215585 /* PopUpViewButton.swift */ = {isa = PBXFileReference; lastKnownFileType = sourcecode.swift; path = PopUpViewButton.swift; sourceTree = "<group>"; };
		66E638F92716C6C800BEA137 /* SlideShowView.swift */ = {isa = PBXFileReference; lastKnownFileType = sourcecode.swift; path = SlideShowView.swift; sourceTree = "<group>"; };
		66E638FE2716C94400BEA137 /* LottieView.swift */ = {isa = PBXFileReference; lastKnownFileType = sourcecode.swift; path = LottieView.swift; sourceTree = "<group>"; };
		66E639022716C9EC00BEA137 /* voice_wave.json */ = {isa = PBXFileReference; fileEncoding = 4; lastKnownFileType = text.json; path = voice_wave.json; sourceTree = "<group>"; };
		751F2DF32707EF1F009A6ECB /* swiftui_cheat.app */ = {isa = PBXFileReference; explicitFileType = wrapper.application; includeInIndex = 0; path = swiftui_cheat.app; sourceTree = BUILT_PRODUCTS_DIR; };
		751F2DF62707EF1F009A6ECB /* swiftui_cheatApp.swift */ = {isa = PBXFileReference; lastKnownFileType = sourcecode.swift; path = swiftui_cheatApp.swift; sourceTree = "<group>"; };
		751F2DF82707EF1F009A6ECB /* ContentView.swift */ = {isa = PBXFileReference; lastKnownFileType = sourcecode.swift; path = ContentView.swift; sourceTree = "<group>"; };
		751F2DFA2707EF21009A6ECB /* Assets.xcassets */ = {isa = PBXFileReference; lastKnownFileType = folder.assetcatalog; path = Assets.xcassets; sourceTree = "<group>"; };
		751F2DFD2707EF21009A6ECB /* Preview Assets.xcassets */ = {isa = PBXFileReference; lastKnownFileType = folder.assetcatalog; path = "Preview Assets.xcassets"; sourceTree = "<group>"; };
		751F2DFF2707EF21009A6ECB /* Info.plist */ = {isa = PBXFileReference; lastKnownFileType = text.plist.xml; path = Info.plist; sourceTree = "<group>"; };
		751F2E042707EF21009A6ECB /* swiftui_cheatTests.xctest */ = {isa = PBXFileReference; explicitFileType = wrapper.cfbundle; includeInIndex = 0; path = swiftui_cheatTests.xctest; sourceTree = BUILT_PRODUCTS_DIR; };
		751F2E082707EF21009A6ECB /* swiftui_cheatTests.swift */ = {isa = PBXFileReference; lastKnownFileType = sourcecode.swift; path = swiftui_cheatTests.swift; sourceTree = "<group>"; };
		751F2E0A2707EF21009A6ECB /* Info.plist */ = {isa = PBXFileReference; lastKnownFileType = text.plist.xml; path = Info.plist; sourceTree = "<group>"; };
		751F2E0F2707EF21009A6ECB /* swiftui_cheatUITests.xctest */ = {isa = PBXFileReference; explicitFileType = wrapper.cfbundle; includeInIndex = 0; path = swiftui_cheatUITests.xctest; sourceTree = BUILT_PRODUCTS_DIR; };
		751F2E132707EF21009A6ECB /* swiftui_cheatUITests.swift */ = {isa = PBXFileReference; lastKnownFileType = sourcecode.swift; path = swiftui_cheatUITests.swift; sourceTree = "<group>"; };
		751F2E152707EF21009A6ECB /* Info.plist */ = {isa = PBXFileReference; lastKnownFileType = text.plist.xml; path = Info.plist; sourceTree = "<group>"; };
/* End PBXFileReference section */

/* Begin PBXFrameworksBuildPhase section */
		661D44B327107DC80099F69E /* Frameworks */ = {
			isa = PBXFrameworksBuildPhase;
			buildActionMask = 2147483647;
			files = (
				661D44E727107EC70099F69E /* QGrid in Frameworks */,
				661D44B427107DC80099F69E /* PopupView in Frameworks */,
				661D44B527107DC80099F69E /* Lottie in Frameworks */,
				66D8660A2711823900023CE4 /* SwiftUIX in Frameworks */,
			);
			runOnlyForDeploymentPostprocessing = 0;
		};
		661D44D627107DCB0099F69E /* Frameworks */ = {
			isa = PBXFrameworksBuildPhase;
			buildActionMask = 2147483647;
			files = (
				661D44E927107ECF0099F69E /* QGrid in Frameworks */,
				661D44D727107DCB0099F69E /* PopupView in Frameworks */,
				661D44D827107DCB0099F69E /* Lottie in Frameworks */,
				66D8660C2711823E00023CE4 /* SwiftUIX in Frameworks */,
			);
			runOnlyForDeploymentPostprocessing = 0;
		};
		751F2DF02707EF1F009A6ECB /* Frameworks */ = {
			isa = PBXFrameworksBuildPhase;
			buildActionMask = 2147483647;
			files = (
				661D44E427107E710099F69E /* QGrid in Frameworks */,
				66E5DC7C270AB98700215585 /* PopupView in Frameworks */,
				66BB5540270BEE5D00F4AE6D /* Lottie in Frameworks */,
				66D866082711819800023CE4 /* SwiftUIX in Frameworks */,
			);
			runOnlyForDeploymentPostprocessing = 0;
		};
		751F2E012707EF21009A6ECB /* Frameworks */ = {
			isa = PBXFrameworksBuildPhase;
			buildActionMask = 2147483647;
			files = (
			);
			runOnlyForDeploymentPostprocessing = 0;
		};
		751F2E0C2707EF21009A6ECB /* Frameworks */ = {
			isa = PBXFrameworksBuildPhase;
			buildActionMask = 2147483647;
			files = (
			);
			runOnlyForDeploymentPostprocessing = 0;
		};
/* End PBXFrameworksBuildPhase section */

/* Begin PBXGroup section */
		661D44E527107EC70099F69E /* Frameworks */ = {
			isa = PBXGroup;
			children = (
			);
			name = Frameworks;
			sourceTree = "<group>";
		};
		664ECA962716806100F4202A /* ProgressBar */ = {
			isa = PBXGroup;
			children = (
				664ECA972716807E00F4202A /* ProgressBar.swift */,
			);
			path = ProgressBar;
			sourceTree = "<group>";
		};
		66801C41270E9238001594F7 /* CheckBox */ = {
			isa = PBXGroup;
			children = (
				66801C42270E9256001594F7 /* CheckBox.swift */,
				66802BCE270FD28D0087B30A /* CheckBoxCell.swift */,
				66802BCC270FCC4F0087B30A /* CheckBoxView.swift */,
			);
			path = CheckBox;
			sourceTree = "<group>";
		};
		66801C44270E9272001594F7 /* RadioButton */ = {
			isa = PBXGroup;
			children = (
				66801C45270E9290001594F7 /* RadioButton.swift */,
				66802BD0270FD5620087B30A /* RadioButtonView.swift */,
			);
			path = RadioButton;
			sourceTree = "<group>";
		};
		66A4A51D270846E600B8760A /* Templete */ = {
			isa = PBXGroup;
			children = (
				66E5DC7F270ABA7000215585 /* Alert */,
				66E5DC80270ABA7600215585 /* Card */,
				66A4A5292708590600B8760A /* List */,
				66E5DC81270ABAAF00215585 /* PopUpView */,
				66D8660D2711828400023CE4 /* SwiftUIX */,
				66801C41270E9238001594F7 /* CheckBox */,
				66801C44270E9272001594F7 /* RadioButton */,
				66B8C384271074B6006A9EBC /* NavigationLink */,
				66CD779C2713CDF6000A1166 /* Grid */,
				664ECA962716806100F4202A /* ProgressBar */,
				66E638F82716C6A200BEA137 /* Slideshow */,
				66E638FD2716C93000BEA137 /* Lottie */,
				66C0819427190B9500F7F7BC /* MapView */,
				66C0819527190C7400F7F7BC /* CircleImage */,
				66C0819627190CCB00F7F7BC /* FavoriteButton */,
				66D34A4B271937220089271B /* WebView */,
			);
			path = Templete;
			sourceTree = "<group>";
		};
		66A4A522270850DE00B8760A /* View */ = {
			isa = PBXGroup;
			children = (
				66C081622719068D00F7F7BC /* SwiftUITutorial */,
				66A4A51D270846E600B8760A /* Templete */,
				66A4A5232708512100B8760A /* Page1View.swift */,
				66E5DC7D270AB9EB00215585 /* LibrariesView.swift */,
			);
			path = View;
			sourceTree = "<group>";
		};
		66A4A5292708590600B8760A /* List */ = {
			isa = PBXGroup;
			children = (
				66A4A5272708582300B8760A /* ListView.swift */,
				66A4A52A2708595200B8760A /* ListCardView.swift */,
			);
			path = List;
			sourceTree = "<group>";
		};
		66B8C384271074B6006A9EBC /* NavigationLink */ = {
			isa = PBXGroup;
			children = (
				66B8C385271074D7006A9EBC /* NavigationLinkView.swift */,
			);
			path = NavigationLink;
			sourceTree = "<group>";
		};
		66C081622719068D00F7F7BC /* SwiftUITutorial */ = {
			isa = PBXGroup;
			children = (
				66C0816C2719096400F7F7BC /* HandlingUserInput */,
				66C08163271906B900F7F7BC /* SwiftUITutorialView.swift */,
			);
			path = SwiftUITutorial;
			sourceTree = "<group>";
		};
		66C0816C2719096400F7F7BC /* HandlingUserInput */ = {
			isa = PBXGroup;
			children = (
				66C081762719098500F7F7BC /* Landmarks */,
				66C0816D2719097E00F7F7BC /* Model */,
				66C081832719098E00F7F7BC /* landmarkData.json */,
				66C08168271907A200F7F7BC /* HandlingUserInputView.swift */,
			);
			path = HandlingUserInput;
			sourceTree = "<group>";
		};
		66C0816D2719097E00F7F7BC /* Model */ = {
			isa = PBXGroup;
			children = (
				66C0816E2719097E00F7F7BC /* ModelData.swift */,
				66C0816F2719097E00F7F7BC /* Landmark.swift */,
			);
			path = Model;
			sourceTree = "<group>";
		};
		66C081762719098500F7F7BC /* Landmarks */ = {
			isa = PBXGroup;
			children = (
				66C081772719098500F7F7BC /* LandmarkList.swift */,
				66C081782719098500F7F7BC /* LandmarkDetail.swift */,
				66C081792719098500F7F7BC /* LandmarkRow.swift */,
			);
			path = Landmarks;
			sourceTree = "<group>";
		};
		66C0819427190B9500F7F7BC /* MapView */ = {
			isa = PBXGroup;
			children = (
				66C0818827190A6800F7F7BC /* MapView.swift */,
			);
			path = MapView;
			sourceTree = "<group>";
		};
		66C0819527190C7400F7F7BC /* CircleImage */ = {
			isa = PBXGroup;
			children = (
				66C0818927190A6800F7F7BC /* CircleImage.swift */,
			);
			path = CircleImage;
			sourceTree = "<group>";
		};
		66C0819627190CCB00F7F7BC /* FavoriteButton */ = {
			isa = PBXGroup;
			children = (
				66C0818A27190A6800F7F7BC /* FavoriteButton.swift */,
			);
			path = FavoriteButton;
			sourceTree = "<group>";
		};
		66CD779C2713CDF6000A1166 /* Grid */ = {
			isa = PBXGroup;
			children = (
				66CD779D2713CE0C000A1166 /* GridView.swift */,
				66CD77A12713CE7D000A1166 /* QGridView.swift */,
			);
			path = Grid;
			sourceTree = "<group>";
		};
		66D34A4B271937220089271B /* WebView */ = {
			isa = PBXGroup;
			children = (
				66D34A4C271937390089271B /* WebView.swift */,
				66D34A50271937E60089271B /* WKWebView.swift */,
				66D34A54271938EC0089271B /* CustomWKWebView.swift */,
			);
			path = WebView;
			sourceTree = "<group>";
		};
		66D8660D2711828400023CE4 /* SwiftUIX */ = {
			isa = PBXGroup;
			children = (
				66D8660E271182AC00023CE4 /* SwiftUIXView.swift */,
			);
			path = SwiftUIX;
			sourceTree = "<group>";
		};
		66E5DC7F270ABA7000215585 /* Alert */ = {
			isa = PBXGroup;
			children = (
				66A4A52027084BF500B8760A /* AlertView.swift */,
			);
			path = Alert;
			sourceTree = "<group>";
		};
		66E5DC80270ABA7600215585 /* Card */ = {
			isa = PBXGroup;
			children = (
				66A4A525270852D500B8760A /* CardView.swift */,
			);
			path = Card;
			sourceTree = "<group>";
		};
		66E5DC81270ABAAF00215585 /* PopUpView */ = {
			isa = PBXGroup;
			children = (
				66E5DC84270ABB4500215585 /* PopUpView.swift */,
				66E5DC8D270B02FA00215585 /* PopUpViewButton.swift */,
			);
			path = PopUpView;
			sourceTree = "<group>";
		};
		66E5DC86270ADB2100215585 /* Extension */ = {
			isa = PBXGroup;
			children = (
				66E5DC87270ADB6300215585 /* UIColor+Extension.swift */,
			);
			path = Extension;
			sourceTree = "<group>";
		};
		66E638F82716C6A200BEA137 /* Slideshow */ = {
			isa = PBXGroup;
			children = (
				66E638F92716C6C800BEA137 /* SlideShowView.swift */,
			);
			path = Slideshow;
			sourceTree = "<group>";
		};
		66E638FD2716C93000BEA137 /* Lottie */ = {
			isa = PBXGroup;
			children = (
				66E639022716C9EC00BEA137 /* voice_wave.json */,
				66B409F62717BEBD00084BC5 /* successful.json */,
				66B409F22717BE6B00084BC5 /* favorite_star.json */,
				66E638FE2716C94400BEA137 /* LottieView.swift */,
			);
			path = Lottie;
			sourceTree = "<group>";
		};
		751F2DEA2707EF1F009A6ECB = {
			isa = PBXGroup;
			children = (
				751F2DF52707EF1F009A6ECB /* swiftui_cheat */,
				751F2E072707EF21009A6ECB /* swiftui_cheatTests */,
				751F2E122707EF21009A6ECB /* swiftui_cheatUITests */,
				751F2DF42707EF1F009A6ECB /* Products */,
				661D44E527107EC70099F69E /* Frameworks */,
			);
			sourceTree = "<group>";
		};
		751F2DF42707EF1F009A6ECB /* Products */ = {
			isa = PBXGroup;
			children = (
				751F2DF32707EF1F009A6ECB /* swiftui_cheat.app */,
				751F2E042707EF21009A6ECB /* swiftui_cheatTests.xctest */,
				751F2E0F2707EF21009A6ECB /* swiftui_cheatUITests.xctest */,
				661D44BD27107DC80099F69E /* swiftui_cheat Dev.app */,
				661D44E027107DCB0099F69E /* swiftui_cheat Stg.app */,
			);
			name = Products;
			sourceTree = "<group>";
		};
		751F2DF52707EF1F009A6ECB /* swiftui_cheat */ = {
			isa = PBXGroup;
			children = (
				66E5DC86270ADB2100215585 /* Extension */,
				66A4A522270850DE00B8760A /* View */,
				751F2DF62707EF1F009A6ECB /* swiftui_cheatApp.swift */,
				751F2DF82707EF1F009A6ECB /* ContentView.swift */,
				751F2DFA2707EF21009A6ECB /* Assets.xcassets */,
				751F2DFF2707EF21009A6ECB /* Info.plist */,
				66D865FE27114E3E00023CE4 /* info_stg.plist */,
				66D865FA27114E1E00023CE4 /* info_dev.plist */,
				66A4A51E27084AFB00B8760A /* TodoList.md */,
				751F2DFC2707EF21009A6ECB /* Preview Content */,
				66D86602271153B100023CE4 /* Launch Screen.storyboard */,
			);
			path = swiftui_cheat;
			sourceTree = "<group>";
		};
		751F2DFC2707EF21009A6ECB /* Preview Content */ = {
			isa = PBXGroup;
			children = (
				751F2DFD2707EF21009A6ECB /* Preview Assets.xcassets */,
			);
			path = "Preview Content";
			sourceTree = "<group>";
		};
		751F2E072707EF21009A6ECB /* swiftui_cheatTests */ = {
			isa = PBXGroup;
			children = (
				751F2E082707EF21009A6ECB /* swiftui_cheatTests.swift */,
				751F2E0A2707EF21009A6ECB /* Info.plist */,
			);
			path = swiftui_cheatTests;
			sourceTree = "<group>";
		};
		751F2E122707EF21009A6ECB /* swiftui_cheatUITests */ = {
			isa = PBXGroup;
			children = (
				751F2E132707EF21009A6ECB /* swiftui_cheatUITests.swift */,
				751F2E152707EF21009A6ECB /* Info.plist */,
			);
			path = swiftui_cheatUITests;
			sourceTree = "<group>";
		};
/* End PBXGroup section */

/* Begin PBXNativeTarget section */
		661D449C27107DC80099F69E /* swiftui_cheat Dev */ = {
			isa = PBXNativeTarget;
			buildConfigurationList = 661D44BA27107DC80099F69E /* Build configuration list for PBXNativeTarget "swiftui_cheat Dev" */;
			buildPhases = (
				661D44A127107DC80099F69E /* Sources */,
				661D44B327107DC80099F69E /* Frameworks */,
				661D44B627107DC80099F69E /* Resources */,
			);
			buildRules = (
			);
			dependencies = (
			);
			name = "swiftui_cheat Dev";
			packageProductDependencies = (
				661D449D27107DC80099F69E /* PopupView */,
				661D449F27107DC80099F69E /* Lottie */,
				661D44E627107EC70099F69E /* QGrid */,
				66D866092711823900023CE4 /* SwiftUIX */,
			);
			productName = swiftui_cheat;
			productReference = 661D44BD27107DC80099F69E /* swiftui_cheat Dev.app */;
			productType = "com.apple.product-type.application";
		};
		661D44BF27107DCB0099F69E /* swiftui_cheat Stg */ = {
			isa = PBXNativeTarget;
			buildConfigurationList = 661D44DD27107DCB0099F69E /* Build configuration list for PBXNativeTarget "swiftui_cheat Stg" */;
			buildPhases = (
				661D44C427107DCB0099F69E /* Sources */,
				661D44D627107DCB0099F69E /* Frameworks */,
				661D44D927107DCB0099F69E /* Resources */,
			);
			buildRules = (
			);
			dependencies = (
			);
			name = "swiftui_cheat Stg";
			packageProductDependencies = (
				661D44C027107DCB0099F69E /* PopupView */,
				661D44C227107DCB0099F69E /* Lottie */,
				661D44E827107ECF0099F69E /* QGrid */,
				66D8660B2711823E00023CE4 /* SwiftUIX */,
			);
			productName = swiftui_cheat;
			productReference = 661D44E027107DCB0099F69E /* swiftui_cheat Stg.app */;
			productType = "com.apple.product-type.application";
		};
		751F2DF22707EF1F009A6ECB /* swiftui_cheat */ = {
			isa = PBXNativeTarget;
			buildConfigurationList = 751F2E182707EF21009A6ECB /* Build configuration list for PBXNativeTarget "swiftui_cheat" */;
			buildPhases = (
				751F2DEF2707EF1F009A6ECB /* Sources */,
				751F2DF02707EF1F009A6ECB /* Frameworks */,
				751F2DF12707EF1F009A6ECB /* Resources */,
			);
			buildRules = (
			);
			dependencies = (
			);
			name = swiftui_cheat;
			packageProductDependencies = (
				66E5DC7B270AB98700215585 /* PopupView */,
				66BB553F270BEE5D00F4AE6D /* Lottie */,
				661D44E327107E710099F69E /* QGrid */,
				66D866072711819800023CE4 /* SwiftUIX */,
			);
			productName = swiftui_cheat;
			productReference = 751F2DF32707EF1F009A6ECB /* swiftui_cheat.app */;
			productType = "com.apple.product-type.application";
		};
		751F2E032707EF21009A6ECB /* swiftui_cheatTests */ = {
			isa = PBXNativeTarget;
			buildConfigurationList = 751F2E1B2707EF21009A6ECB /* Build configuration list for PBXNativeTarget "swiftui_cheatTests" */;
			buildPhases = (
				751F2E002707EF21009A6ECB /* Sources */,
				751F2E012707EF21009A6ECB /* Frameworks */,
				751F2E022707EF21009A6ECB /* Resources */,
			);
			buildRules = (
			);
			dependencies = (
				751F2E062707EF21009A6ECB /* PBXTargetDependency */,
			);
			name = swiftui_cheatTests;
			productName = swiftui_cheatTests;
			productReference = 751F2E042707EF21009A6ECB /* swiftui_cheatTests.xctest */;
			productType = "com.apple.product-type.bundle.unit-test";
		};
		751F2E0E2707EF21009A6ECB /* swiftui_cheatUITests */ = {
			isa = PBXNativeTarget;
			buildConfigurationList = 751F2E1E2707EF21009A6ECB /* Build configuration list for PBXNativeTarget "swiftui_cheatUITests" */;
			buildPhases = (
				751F2E0B2707EF21009A6ECB /* Sources */,
				751F2E0C2707EF21009A6ECB /* Frameworks */,
				751F2E0D2707EF21009A6ECB /* Resources */,
			);
			buildRules = (
			);
			dependencies = (
				751F2E112707EF21009A6ECB /* PBXTargetDependency */,
			);
			name = swiftui_cheatUITests;
			productName = swiftui_cheatUITests;
			productReference = 751F2E0F2707EF21009A6ECB /* swiftui_cheatUITests.xctest */;
			productType = "com.apple.product-type.bundle.ui-testing";
		};
/* End PBXNativeTarget section */

/* Begin PBXProject section */
		751F2DEB2707EF1F009A6ECB /* Project object */ = {
			isa = PBXProject;
			attributes = {
				LastSwiftUpdateCheck = 1240;
				LastUpgradeCheck = 1240;
				TargetAttributes = {
					751F2DF22707EF1F009A6ECB = {
						CreatedOnToolsVersion = 12.4;
					};
					751F2E032707EF21009A6ECB = {
						CreatedOnToolsVersion = 12.4;
						TestTargetID = 751F2DF22707EF1F009A6ECB;
					};
					751F2E0E2707EF21009A6ECB = {
						CreatedOnToolsVersion = 12.4;
						TestTargetID = 751F2DF22707EF1F009A6ECB;
					};
				};
			};
			buildConfigurationList = 751F2DEE2707EF1F009A6ECB /* Build configuration list for PBXProject "swiftui_cheat" */;
			compatibilityVersion = "Xcode 9.3";
			developmentRegion = en;
			hasScannedForEncodings = 0;
			knownRegions = (
				en,
				Base,
			);
			mainGroup = 751F2DEA2707EF1F009A6ECB;
			packageReferences = (
				66E5DC7A270AB98700215585 /* XCRemoteSwiftPackageReference "PopupView" */,
				66BB553E270BEE5D00F4AE6D /* XCRemoteSwiftPackageReference "lottie-ios" */,
				661D44E227107E710099F69E /* XCRemoteSwiftPackageReference "QGrid" */,
				66D866062711819800023CE4 /* XCRemoteSwiftPackageReference "SwiftUIX" */,
			);
			productRefGroup = 751F2DF42707EF1F009A6ECB /* Products */;
			projectDirPath = "";
			projectRoot = "";
			targets = (
				751F2DF22707EF1F009A6ECB /* swiftui_cheat */,
				751F2E032707EF21009A6ECB /* swiftui_cheatTests */,
				751F2E0E2707EF21009A6ECB /* swiftui_cheatUITests */,
				661D449C27107DC80099F69E /* swiftui_cheat Dev */,
				661D44BF27107DCB0099F69E /* swiftui_cheat Stg */,
			);
		};
/* End PBXProject section */

/* Begin PBXResourcesBuildPhase section */
		661D44B627107DC80099F69E /* Resources */ = {
			isa = PBXResourcesBuildPhase;
			buildActionMask = 2147483647;
			files = (
				66D86604271153B100023CE4 /* Launch Screen.storyboard in Resources */,
				66B409F42717BE6B00084BC5 /* favorite_star.json in Resources */,
				661D44B727107DC80099F69E /* Preview Assets.xcassets in Resources */,
				66C081852719098E00F7F7BC /* landmarkData.json in Resources */,
				661D44B827107DC80099F69E /* TodoList.md in Resources */,
				66B409F82717BEBD00084BC5 /* successful.json in Resources */,
				66D8660027114E3E00023CE4 /* info_stg.plist in Resources */,
				66D865FC27114E1E00023CE4 /* info_dev.plist in Resources */,
				66E639042716C9EC00BEA137 /* voice_wave.json in Resources */,
				661D44B927107DC80099F69E /* Assets.xcassets in Resources */,
			);
			runOnlyForDeploymentPostprocessing = 0;
		};
		661D44D927107DCB0099F69E /* Resources */ = {
			isa = PBXResourcesBuildPhase;
			buildActionMask = 2147483647;
			files = (
				66D86605271153B100023CE4 /* Launch Screen.storyboard in Resources */,
				66B409F52717BE6B00084BC5 /* favorite_star.json in Resources */,
				661D44DA27107DCB0099F69E /* Preview Assets.xcassets in Resources */,
				66C081862719098E00F7F7BC /* landmarkData.json in Resources */,
				661D44DB27107DCB0099F69E /* TodoList.md in Resources */,
				66B409F92717BEBD00084BC5 /* successful.json in Resources */,
				66D8660127114E3E00023CE4 /* info_stg.plist in Resources */,
				66D865FD27114E1E00023CE4 /* info_dev.plist in Resources */,
				66E639052716C9EC00BEA137 /* voice_wave.json in Resources */,
				661D44DC27107DCB0099F69E /* Assets.xcassets in Resources */,
			);
			runOnlyForDeploymentPostprocessing = 0;
		};
		751F2DF12707EF1F009A6ECB /* Resources */ = {
			isa = PBXResourcesBuildPhase;
			buildActionMask = 2147483647;
			files = (
				66D86603271153B100023CE4 /* Launch Screen.storyboard in Resources */,
				66B409F32717BE6B00084BC5 /* favorite_star.json in Resources */,
				751F2DFE2707EF21009A6ECB /* Preview Assets.xcassets in Resources */,
				66C081842719098E00F7F7BC /* landmarkData.json in Resources */,
				66A4A51F27084AFB00B8760A /* TodoList.md in Resources */,
				66B409F72717BEBD00084BC5 /* successful.json in Resources */,
				66D865FF27114E3E00023CE4 /* info_stg.plist in Resources */,
				66D865FB27114E1E00023CE4 /* info_dev.plist in Resources */,
				66E639032716C9EC00BEA137 /* voice_wave.json in Resources */,
				751F2DFB2707EF21009A6ECB /* Assets.xcassets in Resources */,
			);
			runOnlyForDeploymentPostprocessing = 0;
		};
		751F2E022707EF21009A6ECB /* Resources */ = {
			isa = PBXResourcesBuildPhase;
			buildActionMask = 2147483647;
			files = (
			);
			runOnlyForDeploymentPostprocessing = 0;
		};
		751F2E0D2707EF21009A6ECB /* Resources */ = {
			isa = PBXResourcesBuildPhase;
			buildActionMask = 2147483647;
			files = (
			);
			runOnlyForDeploymentPostprocessing = 0;
		};
/* End PBXResourcesBuildPhase section */

/* Begin PBXSourcesBuildPhase section */
		661D44A127107DC80099F69E /* Sources */ = {
			isa = PBXSourcesBuildPhase;
			buildActionMask = 2147483647;
			files = (
				66D34A52271937E60089271B /* WKWebView.swift in Sources */,
				66CD779F2713CE0C000A1166 /* GridView.swift in Sources */,
				66D34A56271938EC0089271B /* CustomWKWebView.swift in Sources */,
				66C0818F27190A6800F7F7BC /* CircleImage.swift in Sources */,
				661D44A227107DC80099F69E /* CheckBoxCell.swift in Sources */,
				66D86610271182AC00023CE4 /* SwiftUIXView.swift in Sources */,
				66C0817B2719098500F7F7BC /* LandmarkList.swift in Sources */,
				66C081712719097E00F7F7BC /* ModelData.swift in Sources */,
				66CD77A32713CE7D000A1166 /* QGridView.swift in Sources */,
				66C081742719097E00F7F7BC /* Landmark.swift in Sources */,
				661D44A327107DC80099F69E /* AlertView.swift in Sources */,
				66C0819227190A6800F7F7BC /* FavoriteButton.swift in Sources */,
				66C081812719098500F7F7BC /* LandmarkRow.swift in Sources */,
				66D34A4E271937390089271B /* WebView.swift in Sources */,
				66C0816A271907A200F7F7BC /* HandlingUserInputView.swift in Sources */,
				66C0818C27190A6800F7F7BC /* MapView.swift in Sources */,
				661D44A427107DC80099F69E /* ContentView.swift in Sources */,
				66C08165271906B900F7F7BC /* SwiftUITutorialView.swift in Sources */,
				661D44A527107DC80099F69E /* ListCardView.swift in Sources */,
				661D44A627107DC80099F69E /* PopUpView.swift in Sources */,
				661D44A727107DC80099F69E /* ListView.swift in Sources */,
				661D44A827107DC80099F69E /* RadioButtonView.swift in Sources */,
				661D44A927107DC80099F69E /* NavigationLinkView.swift in Sources */,
				661D44AA27107DC80099F69E /* swiftui_cheatApp.swift in Sources */,
				661D44AB27107DC80099F69E /* Page1View.swift in Sources */,
				664ECA992716807E00F4202A /* ProgressBar.swift in Sources */,
				661D44AC27107DC80099F69E /* CheckBoxView.swift in Sources */,
				661D44AD27107DC80099F69E /* RadioButton.swift in Sources */,
				66C0817E2719098500F7F7BC /* LandmarkDetail.swift in Sources */,
				661D44AE27107DC80099F69E /* LibrariesView.swift in Sources */,
				661D44AF27107DC80099F69E /* CheckBox.swift in Sources */,
				661D44B027107DC80099F69E /* CardView.swift in Sources */,
				661D44B127107DC80099F69E /* PopUpViewButton.swift in Sources */,
				66E639002716C94400BEA137 /* LottieView.swift in Sources */,
				661D44B227107DC80099F69E /* UIColor+Extension.swift in Sources */,
				66E638FB2716C6C800BEA137 /* SlideShowView.swift in Sources */,
			);
			runOnlyForDeploymentPostprocessing = 0;
		};
		661D44C427107DCB0099F69E /* Sources */ = {
			isa = PBXSourcesBuildPhase;
			buildActionMask = 2147483647;
			files = (
				66D34A53271937E60089271B /* WKWebView.swift in Sources */,
				66CD77A02713CE0C000A1166 /* GridView.swift in Sources */,
				66D34A57271938EC0089271B /* CustomWKWebView.swift in Sources */,
				66C0819027190A6800F7F7BC /* CircleImage.swift in Sources */,
				661D44C527107DCB0099F69E /* CheckBoxCell.swift in Sources */,
				66D86611271182AC00023CE4 /* SwiftUIXView.swift in Sources */,
				66C0817C2719098500F7F7BC /* LandmarkList.swift in Sources */,
				66C081722719097E00F7F7BC /* ModelData.swift in Sources */,
				66CD77A42713CE7D000A1166 /* QGridView.swift in Sources */,
				66C081752719097E00F7F7BC /* Landmark.swift in Sources */,
				661D44C627107DCB0099F69E /* AlertView.swift in Sources */,
				66C0819327190A6800F7F7BC /* FavoriteButton.swift in Sources */,
				66C081822719098500F7F7BC /* LandmarkRow.swift in Sources */,
				66D34A4F271937390089271B /* WebView.swift in Sources */,
				66C0816B271907A200F7F7BC /* HandlingUserInputView.swift in Sources */,
				66C0818D27190A6800F7F7BC /* MapView.swift in Sources */,
				661D44C727107DCB0099F69E /* ContentView.swift in Sources */,
				66C08166271906B900F7F7BC /* SwiftUITutorialView.swift in Sources */,
				661D44C827107DCB0099F69E /* ListCardView.swift in Sources */,
				661D44C927107DCB0099F69E /* PopUpView.swift in Sources */,
				661D44CA27107DCB0099F69E /* ListView.swift in Sources */,
				661D44CB27107DCB0099F69E /* RadioButtonView.swift in Sources */,
				661D44CC27107DCB0099F69E /* NavigationLinkView.swift in Sources */,
				661D44CD27107DCB0099F69E /* swiftui_cheatApp.swift in Sources */,
				661D44CE27107DCB0099F69E /* Page1View.swift in Sources */,
				664ECA9A2716807E00F4202A /* ProgressBar.swift in Sources */,
				661D44CF27107DCB0099F69E /* CheckBoxView.swift in Sources */,
				661D44D027107DCB0099F69E /* RadioButton.swift in Sources */,
				66C0817F2719098500F7F7BC /* LandmarkDetail.swift in Sources */,
				661D44D127107DCB0099F69E /* LibrariesView.swift in Sources */,
				661D44D227107DCB0099F69E /* CheckBox.swift in Sources */,
				661D44D327107DCB0099F69E /* CardView.swift in Sources */,
				661D44D427107DCB0099F69E /* PopUpViewButton.swift in Sources */,
				66E639012716C94400BEA137 /* LottieView.swift in Sources */,
				661D44D527107DCB0099F69E /* UIColor+Extension.swift in Sources */,
				66E638FC2716C6C800BEA137 /* SlideShowView.swift in Sources */,
			);
			runOnlyForDeploymentPostprocessing = 0;
		};
		751F2DEF2707EF1F009A6ECB /* Sources */ = {
			isa = PBXSourcesBuildPhase;
			buildActionMask = 2147483647;
			files = (
				66D34A51271937E60089271B /* WKWebView.swift in Sources */,
				66CD779E2713CE0C000A1166 /* GridView.swift in Sources */,
				66D34A55271938EC0089271B /* CustomWKWebView.swift in Sources */,
				66C0818E27190A6800F7F7BC /* CircleImage.swift in Sources */,
				66802BCF270FD28D0087B30A /* CheckBoxCell.swift in Sources */,
				66D8660F271182AC00023CE4 /* SwiftUIXView.swift in Sources */,
				66C0817A2719098500F7F7BC /* LandmarkList.swift in Sources */,
				66C081702719097E00F7F7BC /* ModelData.swift in Sources */,
				66CD77A22713CE7D000A1166 /* QGridView.swift in Sources */,
				66C081732719097E00F7F7BC /* Landmark.swift in Sources */,
				66A4A52127084BF500B8760A /* AlertView.swift in Sources */,
				66C0819127190A6800F7F7BC /* FavoriteButton.swift in Sources */,
				66C081802719098500F7F7BC /* LandmarkRow.swift in Sources */,
				66D34A4D271937390089271B /* WebView.swift in Sources */,
				66C08169271907A200F7F7BC /* HandlingUserInputView.swift in Sources */,
				66C0818B27190A6800F7F7BC /* MapView.swift in Sources */,
				751F2DF92707EF1F009A6ECB /* ContentView.swift in Sources */,
				66C08164271906B900F7F7BC /* SwiftUITutorialView.swift in Sources */,
				66A4A52B2708595200B8760A /* ListCardView.swift in Sources */,
				66E5DC85270ABB4500215585 /* PopUpView.swift in Sources */,
				66A4A5282708582300B8760A /* ListView.swift in Sources */,
				66802BD1270FD5620087B30A /* RadioButtonView.swift in Sources */,
				66B8C386271074D7006A9EBC /* NavigationLinkView.swift in Sources */,
				751F2DF72707EF1F009A6ECB /* swiftui_cheatApp.swift in Sources */,
				66A4A5242708512100B8760A /* Page1View.swift in Sources */,
				664ECA982716807E00F4202A /* ProgressBar.swift in Sources */,
				66802BCD270FCC4F0087B30A /* CheckBoxView.swift in Sources */,
				66801C46270E9290001594F7 /* RadioButton.swift in Sources */,
				66C0817D2719098500F7F7BC /* LandmarkDetail.swift in Sources */,
				66E5DC7E270AB9EB00215585 /* LibrariesView.swift in Sources */,
				66801C43270E9256001594F7 /* CheckBox.swift in Sources */,
				66A4A526270852D500B8760A /* CardView.swift in Sources */,
				66E5DC8E270B02FA00215585 /* PopUpViewButton.swift in Sources */,
				66E638FF2716C94400BEA137 /* LottieView.swift in Sources */,
				66E5DC88270ADB6300215585 /* UIColor+Extension.swift in Sources */,
				66E638FA2716C6C800BEA137 /* SlideShowView.swift in Sources */,
			);
			runOnlyForDeploymentPostprocessing = 0;
		};
		751F2E002707EF21009A6ECB /* Sources */ = {
			isa = PBXSourcesBuildPhase;
			buildActionMask = 2147483647;
			files = (
				751F2E092707EF21009A6ECB /* swiftui_cheatTests.swift in Sources */,
			);
			runOnlyForDeploymentPostprocessing = 0;
		};
		751F2E0B2707EF21009A6ECB /* Sources */ = {
			isa = PBXSourcesBuildPhase;
			buildActionMask = 2147483647;
			files = (
				751F2E142707EF21009A6ECB /* swiftui_cheatUITests.swift in Sources */,
			);
			runOnlyForDeploymentPostprocessing = 0;
		};
/* End PBXSourcesBuildPhase section */

/* Begin PBXTargetDependency section */
		751F2E062707EF21009A6ECB /* PBXTargetDependency */ = {
			isa = PBXTargetDependency;
			target = 751F2DF22707EF1F009A6ECB /* swiftui_cheat */;
			targetProxy = 751F2E052707EF21009A6ECB /* PBXContainerItemProxy */;
		};
		751F2E112707EF21009A6ECB /* PBXTargetDependency */ = {
			isa = PBXTargetDependency;
			target = 751F2DF22707EF1F009A6ECB /* swiftui_cheat */;
			targetProxy = 751F2E102707EF21009A6ECB /* PBXContainerItemProxy */;
		};
/* End PBXTargetDependency section */

/* Begin XCBuildConfiguration section */
		661D44BB27107DC80099F69E /* Debug */ = {
			isa = XCBuildConfiguration;
			buildSettings = {
				ASSETCATALOG_COMPILER_APPICON_NAME = AppIcon;
				ASSETCATALOG_COMPILER_GLOBAL_ACCENT_COLOR_NAME = AccentColor;
				CODE_SIGN_STYLE = Automatic;
				DEVELOPMENT_ASSET_PATHS = "\"swiftui_cheat/Preview Content\"";
				DEVELOPMENT_TEAM = 84Y6X6PKWV;
				ENABLE_PREVIEWS = YES;
				INFOPLIST_FILE = swiftui_cheat/Info_dev.plist;
				IPHONEOS_DEPLOYMENT_TARGET = 14.0;
				LD_RUNPATH_SEARCH_PATHS = (
					"$(inherited)",
					"@executable_path/Frameworks",
				);
				PRODUCT_BUNDLE_IDENTIFIER = "com.igguihlgifghkhfif.swiftui-cheat";
				PRODUCT_NAME = "$(TARGET_NAME)";
				SWIFT_VERSION = 5.0;
				TARGETED_DEVICE_FAMILY = "1,2";
			};
			name = Debug;
		};
		661D44BC27107DC80099F69E /* Release */ = {
			isa = XCBuildConfiguration;
			buildSettings = {
				ASSETCATALOG_COMPILER_APPICON_NAME = AppIcon;
				ASSETCATALOG_COMPILER_GLOBAL_ACCENT_COLOR_NAME = AccentColor;
				CODE_SIGN_STYLE = Automatic;
				DEVELOPMENT_ASSET_PATHS = "\"swiftui_cheat/Preview Content\"";
				DEVELOPMENT_TEAM = 84Y6X6PKWV;
				ENABLE_PREVIEWS = YES;
				INFOPLIST_FILE = swiftui_cheat/Info_dev.plist;
				IPHONEOS_DEPLOYMENT_TARGET = 14.0;
				LD_RUNPATH_SEARCH_PATHS = (
					"$(inherited)",
					"@executable_path/Frameworks",
				);
				PRODUCT_BUNDLE_IDENTIFIER = "com.igguihlgifghkhfif.swiftui-cheat";
				PRODUCT_NAME = "$(TARGET_NAME)";
				SWIFT_VERSION = 5.0;
				TARGETED_DEVICE_FAMILY = "1,2";
			};
			name = Release;
		};
		661D44DE27107DCB0099F69E /* Debug */ = {
			isa = XCBuildConfiguration;
			buildSettings = {
				ASSETCATALOG_COMPILER_APPICON_NAME = AppIcon;
				ASSETCATALOG_COMPILER_GLOBAL_ACCENT_COLOR_NAME = AccentColor;
				CODE_SIGN_STYLE = Automatic;
				DEVELOPMENT_ASSET_PATHS = "\"swiftui_cheat/Preview Content\"";
				DEVELOPMENT_TEAM = 84Y6X6PKWV;
				ENABLE_PREVIEWS = YES;
				INFOPLIST_FILE = swiftui_cheat/info_stg.plist;
				IPHONEOS_DEPLOYMENT_TARGET = 14.0;
				LD_RUNPATH_SEARCH_PATHS = (
					"$(inherited)",
					"@executable_path/Frameworks",
				);
				PRODUCT_BUNDLE_IDENTIFIER = "com.igguihlgifghkhfif.swiftui-cheat";
				PRODUCT_NAME = "$(TARGET_NAME)";
				SWIFT_VERSION = 5.0;
				TARGETED_DEVICE_FAMILY = "1,2";
			};
			name = Debug;
		};
		661D44DF27107DCB0099F69E /* Release */ = {
			isa = XCBuildConfiguration;
			buildSettings = {
				ASSETCATALOG_COMPILER_APPICON_NAME = AppIcon;
				ASSETCATALOG_COMPILER_GLOBAL_ACCENT_COLOR_NAME = AccentColor;
				CODE_SIGN_STYLE = Automatic;
				DEVELOPMENT_ASSET_PATHS = "\"swiftui_cheat/Preview Content\"";
				DEVELOPMENT_TEAM = 84Y6X6PKWV;
				ENABLE_PREVIEWS = YES;
				INFOPLIST_FILE = swiftui_cheat/info_stg.plist;
				IPHONEOS_DEPLOYMENT_TARGET = 14.0;
				LD_RUNPATH_SEARCH_PATHS = (
					"$(inherited)",
					"@executable_path/Frameworks",
				);
				PRODUCT_BUNDLE_IDENTIFIER = "com.igguihlgifghkhfif.swiftui-cheat";
				PRODUCT_NAME = "$(TARGET_NAME)";
				SWIFT_VERSION = 5.0;
				TARGETED_DEVICE_FAMILY = "1,2";
			};
			name = Release;
		};
		751F2E162707EF21009A6ECB /* Debug */ = {
			isa = XCBuildConfiguration;
			buildSettings = {
				ALWAYS_SEARCH_USER_PATHS = NO;
				ASSETCATALOG_COMPILER_LAUNCHIMAGE_NAME = "";
				CLANG_ANALYZER_NONNULL = YES;
				CLANG_ANALYZER_NUMBER_OBJECT_CONVERSION = YES_AGGRESSIVE;
				CLANG_CXX_LANGUAGE_STANDARD = "gnu++14";
				CLANG_CXX_LIBRARY = "libc++";
				CLANG_ENABLE_MODULES = YES;
				CLANG_ENABLE_OBJC_ARC = YES;
				CLANG_ENABLE_OBJC_WEAK = YES;
				CLANG_WARN_BLOCK_CAPTURE_AUTORELEASING = YES;
				CLANG_WARN_BOOL_CONVERSION = YES;
				CLANG_WARN_COMMA = YES;
				CLANG_WARN_CONSTANT_CONVERSION = YES;
				CLANG_WARN_DEPRECATED_OBJC_IMPLEMENTATIONS = YES;
				CLANG_WARN_DIRECT_OBJC_ISA_USAGE = YES_ERROR;
				CLANG_WARN_DOCUMENTATION_COMMENTS = YES;
				CLANG_WARN_EMPTY_BODY = YES;
				CLANG_WARN_ENUM_CONVERSION = YES;
				CLANG_WARN_INFINITE_RECURSION = YES;
				CLANG_WARN_INT_CONVERSION = YES;
				CLANG_WARN_NON_LITERAL_NULL_CONVERSION = YES;
				CLANG_WARN_OBJC_IMPLICIT_RETAIN_SELF = YES;
				CLANG_WARN_OBJC_LITERAL_CONVERSION = YES;
				CLANG_WARN_OBJC_ROOT_CLASS = YES_ERROR;
				CLANG_WARN_QUOTED_INCLUDE_IN_FRAMEWORK_HEADER = YES;
				CLANG_WARN_RANGE_LOOP_ANALYSIS = YES;
				CLANG_WARN_STRICT_PROTOTYPES = YES;
				CLANG_WARN_SUSPICIOUS_MOVE = YES;
				CLANG_WARN_UNGUARDED_AVAILABILITY = YES_AGGRESSIVE;
				CLANG_WARN_UNREACHABLE_CODE = YES;
				CLANG_WARN__DUPLICATE_METHOD_MATCH = YES;
				COPY_PHASE_STRIP = NO;
				DEBUG_INFORMATION_FORMAT = dwarf;
				ENABLE_STRICT_OBJC_MSGSEND = YES;
				ENABLE_TESTABILITY = YES;
				GCC_C_LANGUAGE_STANDARD = gnu11;
				GCC_DYNAMIC_NO_PIC = NO;
				GCC_NO_COMMON_BLOCKS = YES;
				GCC_OPTIMIZATION_LEVEL = 0;
				GCC_PREPROCESSOR_DEFINITIONS = (
					"DEBUG=1",
					"$(inherited)",
				);
				GCC_WARN_64_TO_32_BIT_CONVERSION = YES;
				GCC_WARN_ABOUT_RETURN_TYPE = YES_ERROR;
				GCC_WARN_UNDECLARED_SELECTOR = YES;
				GCC_WARN_UNINITIALIZED_AUTOS = YES_AGGRESSIVE;
				GCC_WARN_UNUSED_FUNCTION = YES;
				GCC_WARN_UNUSED_VARIABLE = YES;
				IPHONEOS_DEPLOYMENT_TARGET = 14.4;
				MTL_ENABLE_DEBUG_INFO = INCLUDE_SOURCE;
				MTL_FAST_MATH = YES;
				ONLY_ACTIVE_ARCH = YES;
				SDKROOT = iphoneos;
				SWIFT_ACTIVE_COMPILATION_CONDITIONS = DEBUG;
				SWIFT_OPTIMIZATION_LEVEL = "-Onone";
			};
			name = Debug;
		};
		751F2E172707EF21009A6ECB /* Release */ = {
			isa = XCBuildConfiguration;
			buildSettings = {
				ALWAYS_SEARCH_USER_PATHS = NO;
				ASSETCATALOG_COMPILER_LAUNCHIMAGE_NAME = "";
				CLANG_ANALYZER_NONNULL = YES;
				CLANG_ANALYZER_NUMBER_OBJECT_CONVERSION = YES_AGGRESSIVE;
				CLANG_CXX_LANGUAGE_STANDARD = "gnu++14";
				CLANG_CXX_LIBRARY = "libc++";
				CLANG_ENABLE_MODULES = YES;
				CLANG_ENABLE_OBJC_ARC = YES;
				CLANG_ENABLE_OBJC_WEAK = YES;
				CLANG_WARN_BLOCK_CAPTURE_AUTORELEASING = YES;
				CLANG_WARN_BOOL_CONVERSION = YES;
				CLANG_WARN_COMMA = YES;
				CLANG_WARN_CONSTANT_CONVERSION = YES;
				CLANG_WARN_DEPRECATED_OBJC_IMPLEMENTATIONS = YES;
				CLANG_WARN_DIRECT_OBJC_ISA_USAGE = YES_ERROR;
				CLANG_WARN_DOCUMENTATION_COMMENTS = YES;
				CLANG_WARN_EMPTY_BODY = YES;
				CLANG_WARN_ENUM_CONVERSION = YES;
				CLANG_WARN_INFINITE_RECURSION = YES;
				CLANG_WARN_INT_CONVERSION = YES;
				CLANG_WARN_NON_LITERAL_NULL_CONVERSION = YES;
				CLANG_WARN_OBJC_IMPLICIT_RETAIN_SELF = YES;
				CLANG_WARN_OBJC_LITERAL_CONVERSION = YES;
				CLANG_WARN_OBJC_ROOT_CLASS = YES_ERROR;
				CLANG_WARN_QUOTED_INCLUDE_IN_FRAMEWORK_HEADER = YES;
				CLANG_WARN_RANGE_LOOP_ANALYSIS = YES;
				CLANG_WARN_STRICT_PROTOTYPES = YES;
				CLANG_WARN_SUSPICIOUS_MOVE = YES;
				CLANG_WARN_UNGUARDED_AVAILABILITY = YES_AGGRESSIVE;
				CLANG_WARN_UNREACHABLE_CODE = YES;
				CLANG_WARN__DUPLICATE_METHOD_MATCH = YES;
				COPY_PHASE_STRIP = NO;
				DEBUG_INFORMATION_FORMAT = "dwarf-with-dsym";
				ENABLE_NS_ASSERTIONS = NO;
				ENABLE_STRICT_OBJC_MSGSEND = YES;
				GCC_C_LANGUAGE_STANDARD = gnu11;
				GCC_NO_COMMON_BLOCKS = YES;
				GCC_WARN_64_TO_32_BIT_CONVERSION = YES;
				GCC_WARN_ABOUT_RETURN_TYPE = YES_ERROR;
				GCC_WARN_UNDECLARED_SELECTOR = YES;
				GCC_WARN_UNINITIALIZED_AUTOS = YES_AGGRESSIVE;
				GCC_WARN_UNUSED_FUNCTION = YES;
				GCC_WARN_UNUSED_VARIABLE = YES;
				IPHONEOS_DEPLOYMENT_TARGET = 14.4;
				MTL_ENABLE_DEBUG_INFO = NO;
				MTL_FAST_MATH = YES;
				SDKROOT = iphoneos;
				SWIFT_COMPILATION_MODE = wholemodule;
				SWIFT_OPTIMIZATION_LEVEL = "-O";
				VALIDATE_PRODUCT = YES;
			};
			name = Release;
		};
		751F2E192707EF21009A6ECB /* Debug */ = {
			isa = XCBuildConfiguration;
			buildSettings = {
				ASSETCATALOG_COMPILER_APPICON_NAME = AppIcon;
				ASSETCATALOG_COMPILER_GLOBAL_ACCENT_COLOR_NAME = AccentColor;
				CODE_SIGN_STYLE = Automatic;
				DEVELOPMENT_ASSET_PATHS = "\"swiftui_cheat/Preview Content\"";
				DEVELOPMENT_TEAM = 84Y6X6PKWV;
				ENABLE_PREVIEWS = YES;
				INFOPLIST_FILE = swiftui_cheat/Info.plist;
				IPHONEOS_DEPLOYMENT_TARGET = 14.0;
				LD_RUNPATH_SEARCH_PATHS = (
					"$(inherited)",
					"@executable_path/Frameworks",
				);
				PRODUCT_BUNDLE_IDENTIFIER = "com.igguihlgifghkhfif.swiftui-cheat";
				PRODUCT_NAME = "$(TARGET_NAME)";
				SWIFT_VERSION = 5.0;
				TARGETED_DEVICE_FAMILY = "1,2";
			};
			name = Debug;
		};
		751F2E1A2707EF21009A6ECB /* Release */ = {
			isa = XCBuildConfiguration;
			buildSettings = {
				ASSETCATALOG_COMPILER_APPICON_NAME = AppIcon;
				ASSETCATALOG_COMPILER_GLOBAL_ACCENT_COLOR_NAME = AccentColor;
				CODE_SIGN_STYLE = Automatic;
				DEVELOPMENT_ASSET_PATHS = "\"swiftui_cheat/Preview Content\"";
				DEVELOPMENT_TEAM = 84Y6X6PKWV;
				ENABLE_PREVIEWS = YES;
				INFOPLIST_FILE = swiftui_cheat/Info.plist;
				IPHONEOS_DEPLOYMENT_TARGET = 14.0;
				LD_RUNPATH_SEARCH_PATHS = (
					"$(inherited)",
					"@executable_path/Frameworks",
				);
				PRODUCT_BUNDLE_IDENTIFIER = "com.igguihlgifghkhfif.swiftui-cheat";
				PRODUCT_NAME = "$(TARGET_NAME)";
				SWIFT_VERSION = 5.0;
				TARGETED_DEVICE_FAMILY = "1,2";
			};
			name = Release;
		};
		751F2E1C2707EF21009A6ECB /* Debug */ = {
			isa = XCBuildConfiguration;
			buildSettings = {
				ALWAYS_EMBED_SWIFT_STANDARD_LIBRARIES = YES;
				BUNDLE_LOADER = "$(TEST_HOST)";
				CODE_SIGN_STYLE = Automatic;
				DEVELOPMENT_TEAM = 84Y6X6PKWV;
				INFOPLIST_FILE = swiftui_cheatTests/Info.plist;
				IPHONEOS_DEPLOYMENT_TARGET = 14.0;
				LD_RUNPATH_SEARCH_PATHS = (
					"$(inherited)",
					"@executable_path/Frameworks",
					"@loader_path/Frameworks",
				);
				PRODUCT_BUNDLE_IDENTIFIER = "com.igguihlgifghkhfif.swiftui-cheatTests";
				PRODUCT_NAME = "$(TARGET_NAME)";
				SWIFT_VERSION = 5.0;
				TARGETED_DEVICE_FAMILY = "1,2";
				TEST_HOST = "$(BUILT_PRODUCTS_DIR)/swiftui_cheat.app/swiftui_cheat";
			};
			name = Debug;
		};
		751F2E1D2707EF21009A6ECB /* Release */ = {
			isa = XCBuildConfiguration;
			buildSettings = {
				ALWAYS_EMBED_SWIFT_STANDARD_LIBRARIES = YES;
				BUNDLE_LOADER = "$(TEST_HOST)";
				CODE_SIGN_STYLE = Automatic;
				DEVELOPMENT_TEAM = 84Y6X6PKWV;
				INFOPLIST_FILE = swiftui_cheatTests/Info.plist;
				IPHONEOS_DEPLOYMENT_TARGET = 14.0;
				LD_RUNPATH_SEARCH_PATHS = (
					"$(inherited)",
					"@executable_path/Frameworks",
					"@loader_path/Frameworks",
				);
				PRODUCT_BUNDLE_IDENTIFIER = "com.igguihlgifghkhfif.swiftui-cheatTests";
				PRODUCT_NAME = "$(TARGET_NAME)";
				SWIFT_VERSION = 5.0;
				TARGETED_DEVICE_FAMILY = "1,2";
				TEST_HOST = "$(BUILT_PRODUCTS_DIR)/swiftui_cheat.app/swiftui_cheat";
			};
			name = Release;
		};
		751F2E1F2707EF21009A6ECB /* Debug */ = {
			isa = XCBuildConfiguration;
			buildSettings = {
				ALWAYS_EMBED_SWIFT_STANDARD_LIBRARIES = YES;
				CODE_SIGN_STYLE = Automatic;
				DEVELOPMENT_TEAM = 84Y6X6PKWV;
				INFOPLIST_FILE = swiftui_cheatUITests/Info.plist;
				LD_RUNPATH_SEARCH_PATHS = (
					"$(inherited)",
					"@executable_path/Frameworks",
					"@loader_path/Frameworks",
				);
				PRODUCT_BUNDLE_IDENTIFIER = "com.igguihlgifghkhfif.swiftui-cheatUITests";
				PRODUCT_NAME = "$(TARGET_NAME)";
				SWIFT_VERSION = 5.0;
				TARGETED_DEVICE_FAMILY = "1,2";
				TEST_TARGET_NAME = swiftui_cheat;
			};
			name = Debug;
		};
		751F2E202707EF21009A6ECB /* Release */ = {
			isa = XCBuildConfiguration;
			buildSettings = {
				ALWAYS_EMBED_SWIFT_STANDARD_LIBRARIES = YES;
				CODE_SIGN_STYLE = Automatic;
				DEVELOPMENT_TEAM = 84Y6X6PKWV;
				INFOPLIST_FILE = swiftui_cheatUITests/Info.plist;
				LD_RUNPATH_SEARCH_PATHS = (
					"$(inherited)",
					"@executable_path/Frameworks",
					"@loader_path/Frameworks",
				);
				PRODUCT_BUNDLE_IDENTIFIER = "com.igguihlgifghkhfif.swiftui-cheatUITests";
				PRODUCT_NAME = "$(TARGET_NAME)";
				SWIFT_VERSION = 5.0;
				TARGETED_DEVICE_FAMILY = "1,2";
				TEST_TARGET_NAME = swiftui_cheat;
			};
			name = Release;
		};
/* End XCBuildConfiguration section */

/* Begin XCConfigurationList section */
		661D44BA27107DC80099F69E /* Build configuration list for PBXNativeTarget "swiftui_cheat Dev" */ = {
			isa = XCConfigurationList;
			buildConfigurations = (
				661D44BB27107DC80099F69E /* Debug */,
				661D44BC27107DC80099F69E /* Release */,
			);
			defaultConfigurationIsVisible = 0;
			defaultConfigurationName = Release;
		};
		661D44DD27107DCB0099F69E /* Build configuration list for PBXNativeTarget "swiftui_cheat Stg" */ = {
			isa = XCConfigurationList;
			buildConfigurations = (
				661D44DE27107DCB0099F69E /* Debug */,
				661D44DF27107DCB0099F69E /* Release */,
			);
			defaultConfigurationIsVisible = 0;
			defaultConfigurationName = Release;
		};
		751F2DEE2707EF1F009A6ECB /* Build configuration list for PBXProject "swiftui_cheat" */ = {
			isa = XCConfigurationList;
			buildConfigurations = (
				751F2E162707EF21009A6ECB /* Debug */,
				751F2E172707EF21009A6ECB /* Release */,
			);
			defaultConfigurationIsVisible = 0;
			defaultConfigurationName = Release;
		};
		751F2E182707EF21009A6ECB /* Build configuration list for PBXNativeTarget "swiftui_cheat" */ = {
			isa = XCConfigurationList;
			buildConfigurations = (
				751F2E192707EF21009A6ECB /* Debug */,
				751F2E1A2707EF21009A6ECB /* Release */,
			);
			defaultConfigurationIsVisible = 0;
			defaultConfigurationName = Release;
		};
		751F2E1B2707EF21009A6ECB /* Build configuration list for PBXNativeTarget "swiftui_cheatTests" */ = {
			isa = XCConfigurationList;
			buildConfigurations = (
				751F2E1C2707EF21009A6ECB /* Debug */,
				751F2E1D2707EF21009A6ECB /* Release */,
			);
			defaultConfigurationIsVisible = 0;
			defaultConfigurationName = Release;
		};
		751F2E1E2707EF21009A6ECB /* Build configuration list for PBXNativeTarget "swiftui_cheatUITests" */ = {
			isa = XCConfigurationList;
			buildConfigurations = (
				751F2E1F2707EF21009A6ECB /* Debug */,
				751F2E202707EF21009A6ECB /* Release */,
			);
			defaultConfigurationIsVisible = 0;
			defaultConfigurationName = Release;
		};
/* End XCConfigurationList section */

/* Begin XCRemoteSwiftPackageReference section */
		661D449E27107DC80099F69E /* XCRemoteSwiftPackageReference "PopupView" */ = {
			isa = XCRemoteSwiftPackageReference;
			repositoryURL = "https://github.com/exyte/PopupView";
			requirement = {
				kind = upToNextMajorVersion;
				minimumVersion = 1.0.2;
			};
		};
		661D44A027107DC80099F69E /* XCRemoteSwiftPackageReference "lottie-ios" */ = {
			isa = XCRemoteSwiftPackageReference;
			repositoryURL = "https://github.com/airbnb/lottie-ios";
			requirement = {
				kind = upToNextMajorVersion;
				minimumVersion = 3.2.3;
			};
		};
		661D44C127107DCB0099F69E /* XCRemoteSwiftPackageReference "PopupView" */ = {
			isa = XCRemoteSwiftPackageReference;
			repositoryURL = "https://github.com/exyte/PopupView";
			requirement = {
				kind = upToNextMajorVersion;
				minimumVersion = 1.0.2;
			};
		};
		661D44C327107DCB0099F69E /* XCRemoteSwiftPackageReference "lottie-ios" */ = {
			isa = XCRemoteSwiftPackageReference;
			repositoryURL = "https://github.com/airbnb/lottie-ios";
			requirement = {
				kind = upToNextMajorVersion;
				minimumVersion = 3.2.3;
			};
		};
		661D44E227107E710099F69E /* XCRemoteSwiftPackageReference "QGrid" */ = {
			isa = XCRemoteSwiftPackageReference;
			repositoryURL = "https://github.com/Q-Mobile/QGrid";
			requirement = {
				kind = upToNextMajorVersion;
				minimumVersion = 0.1.4;
			};
		};
		66BB553E270BEE5D00F4AE6D /* XCRemoteSwiftPackageReference "lottie-ios" */ = {
			isa = XCRemoteSwiftPackageReference;
			repositoryURL = "https://github.com/airbnb/lottie-ios";
			requirement = {
				kind = upToNextMajorVersion;
				minimumVersion = 3.2.3;
			};
		};
		66D866062711819800023CE4 /* XCRemoteSwiftPackageReference "SwiftUIX" */ = {
			isa = XCRemoteSwiftPackageReference;
			repositoryURL = "https://github.com/SwiftUIX/SwiftUIX";
			requirement = {
				kind = upToNextMajorVersion;
				minimumVersion = 0.1.0;
			};
		};
		66E5DC7A270AB98700215585 /* XCRemoteSwiftPackageReference "PopupView" */ = {
			isa = XCRemoteSwiftPackageReference;
			repositoryURL = "https://github.com/exyte/PopupView";
			requirement = {
				kind = upToNextMajorVersion;
				minimumVersion = 1.0.2;
			};
		};
/* End XCRemoteSwiftPackageReference section */

/* Begin XCSwiftPackageProductDependency section */
		661D449D27107DC80099F69E /* PopupView */ = {
			isa = XCSwiftPackageProductDependency;
			package = 661D449E27107DC80099F69E /* XCRemoteSwiftPackageReference "PopupView" */;
			productName = PopupView;
		};
		661D449F27107DC80099F69E /* Lottie */ = {
			isa = XCSwiftPackageProductDependency;
			package = 661D44A027107DC80099F69E /* XCRemoteSwiftPackageReference "lottie-ios" */;
			productName = Lottie;
		};
		661D44C027107DCB0099F69E /* PopupView */ = {
			isa = XCSwiftPackageProductDependency;
			package = 661D44C127107DCB0099F69E /* XCRemoteSwiftPackageReference "PopupView" */;
			productName = PopupView;
		};
		661D44C227107DCB0099F69E /* Lottie */ = {
			isa = XCSwiftPackageProductDependency;
			package = 661D44C327107DCB0099F69E /* XCRemoteSwiftPackageReference "lottie-ios" */;
			productName = Lottie;
		};
		661D44E327107E710099F69E /* QGrid */ = {
			isa = XCSwiftPackageProductDependency;
			package = 661D44E227107E710099F69E /* XCRemoteSwiftPackageReference "QGrid" */;
			productName = QGrid;
		};
		661D44E627107EC70099F69E /* QGrid */ = {
			isa = XCSwiftPackageProductDependency;
			package = 661D44E227107E710099F69E /* XCRemoteSwiftPackageReference "QGrid" */;
			productName = QGrid;
		};
		661D44E827107ECF0099F69E /* QGrid */ = {
			isa = XCSwiftPackageProductDependency;
			package = 661D44E227107E710099F69E /* XCRemoteSwiftPackageReference "QGrid" */;
			productName = QGrid;
		};
		66BB553F270BEE5D00F4AE6D /* Lottie */ = {
			isa = XCSwiftPackageProductDependency;
			package = 66BB553E270BEE5D00F4AE6D /* XCRemoteSwiftPackageReference "lottie-ios" */;
			productName = Lottie;
		};
		66D866072711819800023CE4 /* SwiftUIX */ = {
			isa = XCSwiftPackageProductDependency;
			package = 66D866062711819800023CE4 /* XCRemoteSwiftPackageReference "SwiftUIX" */;
			productName = SwiftUIX;
		};
		66D866092711823900023CE4 /* SwiftUIX */ = {
			isa = XCSwiftPackageProductDependency;
			package = 66D866062711819800023CE4 /* XCRemoteSwiftPackageReference "SwiftUIX" */;
			productName = SwiftUIX;
		};
		66D8660B2711823E00023CE4 /* SwiftUIX */ = {
			isa = XCSwiftPackageProductDependency;
			package = 66D866062711819800023CE4 /* XCRemoteSwiftPackageReference "SwiftUIX" */;
			productName = SwiftUIX;
		};
		66E5DC7B270AB98700215585 /* PopupView */ = {
			isa = XCSwiftPackageProductDependency;
			package = 66E5DC7A270AB98700215585 /* XCRemoteSwiftPackageReference "PopupView" */;
			productName = PopupView;
		};
/* End XCSwiftPackageProductDependency section */
	};
	rootObject = 751F2DEB2707EF1F009A6ECB /* Project object */;
}
